PODS:
  - Braid/Core (0.1.1)
  - Braid/Rx (0.1.1):
    - Braid/Core
    - RxCocoa (~> 4.4)
    - RxSwift (~> 4.4)
  - Nimble (7.3.1)
  - RxAtomic (4.4.0)
  - RxCocoa (4.4.0):
    - RxSwift (~> 4.0)
  - RxSwift (4.4.0):
    - RxAtomic (~> 4.4)

DEPENDENCIES:
  - Braid/Rx (from `.`)
  - Nimble (~> 7)
  - RxCocoa (~> 4.4)
  - RxSwift (~> 4.4)

SPEC REPOS:
  https://github.com/cocoapods/specs.git:
    - Nimble
    - RxAtomic
    - RxCocoa
    - RxSwift

EXTERNAL SOURCES:
  Braid:
    :path: "."

SPEC CHECKSUMS:
  Braid: 25773f732b044f3c12671f5205a524d696a0909b
  Nimble: 04f732da099ea4d153122aec8c2a88fd0c7219ae
  RxAtomic: eacf60db868c96bfd63320e28619fe29c179656f
  RxCocoa: df63ebf7b9a70d6b4eeea407ed5dd4efc8979749
  RxSwift: 5976ecd04fc2fefd648827c23de5e11157faa973

PODFILE CHECKSUM: 946cd700d4abfa43afacc9fb7edcb0e09ea8786b

COCOAPODS: 1.5.3
