PODS:
  - Braid/Core (1.0.1)
  - Braid/Rx (1.0.1):
    - Braid/Core
    - RxCocoa (~> 4.4)
    - RxSwift (~> 4.4)
  - Nimble (8.0.0)
  - RxAtomic (4.4.0)
  - RxCocoa (4.4.0):
    - RxSwift (~> 4.0)
  - RxSwift (4.4.0):
    - RxAtomic (~> 4.4)

DEPENDENCIES:
  - Braid/Rx (from `.`)
  - Nimble (~> 8)
  - RxCocoa (~> 4)
  - RxSwift (~> 4)

SPEC REPOS:
  https://github.com/cocoapods/specs.git:
    - Nimble
    - RxAtomic
    - RxCocoa
    - RxSwift

EXTERNAL SOURCES:
  Braid:
    :path: "."

SPEC CHECKSUMS:
  Braid: ef9e4421fbb1d06c60cdfbcc21aa5a34efbbd654
  Nimble: a0e6f95b4b91a4f66b6da3512b6bebc07c9cbf49
  RxAtomic: eacf60db868c96bfd63320e28619fe29c179656f
  RxCocoa: df63ebf7b9a70d6b4eeea407ed5dd4efc8979749
  RxSwift: 5976ecd04fc2fefd648827c23de5e11157faa973

PODFILE CHECKSUM: a2404fd6ecfbd92d1c6848edf8be15f52ebe1262

COCOAPODS: 1.5.3
