// !$*UTF8*$!
{
	archiveVersion = 1;
	classes = {
	};
	objectVersion = 50;
	objects = {

/* Begin PBXBuildFile section */
		6E2CB900CB0503EB7AE1EAC3 /* Pods_TableauExampleTests.framework in Frameworks */ = {isa = PBXBuildFile; fileRef = FE17F9A4879165AF43849970 /* Pods_TableauExampleTests.framework */; };
		938132D820B6463000CBF8F6 /* AppDelegate.swift in Sources */ = {isa = PBXBuildFile; fileRef = 938132D720B6463000CBF8F6 /* AppDelegate.swift */; };
		938132DA20B6463000CBF8F6 /* AccountsViewController.swift in Sources */ = {isa = PBXBuildFile; fileRef = 938132D920B6463000CBF8F6 /* AccountsViewController.swift */; };
		938132DF20B6463200CBF8F6 /* Assets.xcassets in Resources */ = {isa = PBXBuildFile; fileRef = 938132DE20B6463200CBF8F6 /* Assets.xcassets */; };
		938132E220B6463200CBF8F6 /* LaunchScreen.storyboard in Resources */ = {isa = PBXBuildFile; fileRef = 938132E020B6463200CBF8F6 /* LaunchScreen.storyboard */; };
		9381335120B6EE2A00CBF8F6 /* TitleDetailTableViewCell.swift in Sources */ = {isa = PBXBuildFile; fileRef = 9381335020B6EE2A00CBF8F6 /* TitleDetailTableViewCell.swift */; };
		93C36A4820DAFF97006B7ECF /* SamplesViewController.swift in Sources */ = {isa = PBXBuildFile; fileRef = 93C36A4720DAFF97006B7ECF /* SamplesViewController.swift */; };
		93C36A4A20DB02E0006B7ECF /* TitleDetailTableViewCell.xib in Resources */ = {isa = PBXBuildFile; fileRef = 93C36A4920DB02E0006B7ECF /* TitleDetailTableViewCell.xib */; };
		AA8B7612901AEED60C395EB0 /* Pods_TableauExample.framework in Frameworks */ = {isa = PBXBuildFile; fileRef = B5FEBC5088F0D7E30632BBD0 /* Pods_TableauExample.framework */; };
		AB577B9C21759F6C00CD2363 /* AccountService.swift in Sources */ = {isa = PBXBuildFile; fileRef = AB577B9B21759F6C00CD2363 /* AccountService.swift */; };
		AB577B9F2175A6EE00CD2363 /* CenterLabelTableViewCell.swift in Sources */ = {isa = PBXBuildFile; fileRef = AB577B9E2175A6EE00CD2363 /* CenterLabelTableViewCell.swift */; };
		AB577BA2217655DD00CD2363 /* ArtistsViewController.swift in Sources */ = {isa = PBXBuildFile; fileRef = AB577BA1217655DD00CD2363 /* ArtistsViewController.swift */; };
		AB577BAA2179665400CD2363 /* HomeViewController.swift in Sources */ = {isa = PBXBuildFile; fileRef = AB577BA92179665400CD2363 /* HomeViewController.swift */; };
		AB577BAC2179838B00CD2363 /* MusicLibraryService.swift in Sources */ = {isa = PBXBuildFile; fileRef = AB577BAB2179838B00CD2363 /* MusicLibraryService.swift */; };
		AB577BC52181105500CD2363 /* HomeService.swift in Sources */ = {isa = PBXBuildFile; fileRef = AB577BC42181105500CD2363 /* HomeService.swift */; };
		AB577BCD2183D5C100CD2363 /* mock-home-response.json in Resources */ = {isa = PBXBuildFile; fileRef = AB577BCC2183D5C100CD2363 /* mock-home-response.json */; };
		AB577BD22183D7F200CD2363 /* Product.swift in Sources */ = {isa = PBXBuildFile; fileRef = AB577BD12183D7F200CD2363 /* Product.swift */; };
		AB577BD42183D8C200CD2363 /* Store.swift in Sources */ = {isa = PBXBuildFile; fileRef = AB577BD32183D8C200CD2363 /* Store.swift */; };
		AB577BD62184DC6F00CD2363 /* ImageTitleSubtitleTableViewCell.swift in Sources */ = {isa = PBXBuildFile; fileRef = AB577BD52184DC6F00CD2363 /* ImageTitleSubtitleTableViewCell.swift */; };
		AB577BDD2189769800CD2363 /* AccountDetailViewController.swift in Sources */ = {isa = PBXBuildFile; fileRef = AB577BDC2189769800CD2363 /* AccountDetailViewController.swift */; };
		AB86C3BF2141718C00FA4945 /* SectionHeaderView.swift in Sources */ = {isa = PBXBuildFile; fileRef = AB86C3BE2141718C00FA4945 /* SectionHeaderView.swift */; };
		ABE0F35921AE3F7F0098950D /* ImageTitleSubtitleTableViewCell.xib in Resources */ = {isa = PBXBuildFile; fileRef = ABE0F35821AE3F7F0098950D /* ImageTitleSubtitleTableViewCell.xib */; };
		ABE0F35F21B49DD90098950D /* NewsFeedViewController.swift in Sources */ = {isa = PBXBuildFile; fileRef = ABE0F35E21B49DD90098950D /* NewsFeedViewController.swift */; };
		ABE0F36121B4AA830098950D /* NewsFeedService.swift in Sources */ = {isa = PBXBuildFile; fileRef = ABE0F36021B4AA830098950D /* NewsFeedService.swift */; };
		ABE0F36321B4AB2D0098950D /* news-items.json in Resources */ = {isa = PBXBuildFile; fileRef = ABE0F36221B4AB2D0098950D /* news-items.json */; };
		ABE0F36B21BE20380098950D /* TableDimensionTests.swift in Sources */ = {isa = PBXBuildFile; fileRef = ABE0F36A21BE20380098950D /* TableDimensionTests.swift */; };
		ABE0F37521BE24F30098950D /* Cells.swift in Sources */ = {isa = PBXBuildFile; fileRef = ABE0F37421BE24F30098950D /* Cells.swift */; };
		ABE0F37A21BE282A0098950D /* TableTestCase.swift in Sources */ = {isa = PBXBuildFile; fileRef = ABE0F37921BE282A0098950D /* TableTestCase.swift */; };
		ABE0F37C21BE30730098950D /* TableCellBindingMethods.swift in Sources */ = {isa = PBXBuildFile; fileRef = ABE0F37B21BE30730098950D /* TableCellBindingMethods.swift */; };
/* End PBXBuildFile section */

/* Begin PBXContainerItemProxy section */
		ABE0F36D21BE20380098950D /* PBXContainerItemProxy */ = {
			isa = PBXContainerItemProxy;
			containerPortal = 938132CC20B6463000CBF8F6 /* Project object */;
			proxyType = 1;
			remoteGlobalIDString = 938132D320B6463000CBF8F6;
			remoteInfo = TableauExample;
		};
/* End PBXContainerItemProxy section */

/* Begin PBXCopyFilesBuildPhase section */
		9381330C20B6486400CBF8F6 /* Embed Frameworks */ = {
			isa = PBXCopyFilesBuildPhase;
			buildActionMask = 2147483647;
			dstPath = "";
			dstSubfolderSpec = 10;
			files = (
			);
			name = "Embed Frameworks";
			runOnlyForDeploymentPostprocessing = 0;
		};
/* End PBXCopyFilesBuildPhase section */

/* Begin PBXFileReference section */
		1386F8CF294C675AF9810979 /* Pods-TableauExample.debug.xcconfig */ = {isa = PBXFileReference; includeInIndex = 1; lastKnownFileType = text.xcconfig; name = "Pods-TableauExample.debug.xcconfig"; path = "Pods/Target Support Files/Pods-TableauExample/Pods-TableauExample.debug.xcconfig"; sourceTree = "<group>"; };
		55D765C5FB109FA81BDD1D5A /* Pods-TableauExampleTests.release.xcconfig */ = {isa = PBXFileReference; includeInIndex = 1; lastKnownFileType = text.xcconfig; name = "Pods-TableauExampleTests.release.xcconfig"; path = "Pods/Target Support Files/Pods-TableauExampleTests/Pods-TableauExampleTests.release.xcconfig"; sourceTree = "<group>"; };
		5AADC7CBA1D7A7674CACFA20 /* Pods-TableauExampleTests.debug.xcconfig */ = {isa = PBXFileReference; includeInIndex = 1; lastKnownFileType = text.xcconfig; name = "Pods-TableauExampleTests.debug.xcconfig"; path = "Pods/Target Support Files/Pods-TableauExampleTests/Pods-TableauExampleTests.debug.xcconfig"; sourceTree = "<group>"; };
		6905CEA7EB85FC4B10F150DF /* Pods-TableauExample.release.xcconfig */ = {isa = PBXFileReference; includeInIndex = 1; lastKnownFileType = text.xcconfig; name = "Pods-TableauExample.release.xcconfig"; path = "Pods/Target Support Files/Pods-TableauExample/Pods-TableauExample.release.xcconfig"; sourceTree = "<group>"; };
		938132D420B6463000CBF8F6 /* TableauExample.app */ = {isa = PBXFileReference; explicitFileType = wrapper.application; includeInIndex = 0; path = TableauExample.app; sourceTree = BUILT_PRODUCTS_DIR; };
		938132D720B6463000CBF8F6 /* AppDelegate.swift */ = {isa = PBXFileReference; lastKnownFileType = sourcecode.swift; path = AppDelegate.swift; sourceTree = "<group>"; };
		938132D920B6463000CBF8F6 /* AccountsViewController.swift */ = {isa = PBXFileReference; lastKnownFileType = sourcecode.swift; path = AccountsViewController.swift; sourceTree = "<group>"; };
		938132DE20B6463200CBF8F6 /* Assets.xcassets */ = {isa = PBXFileReference; lastKnownFileType = folder.assetcatalog; path = Assets.xcassets; sourceTree = "<group>"; };
		938132E120B6463200CBF8F6 /* Base */ = {isa = PBXFileReference; lastKnownFileType = file.storyboard; name = Base; path = Base.lproj/LaunchScreen.storyboard; sourceTree = "<group>"; };
		938132E320B6463200CBF8F6 /* Info.plist */ = {isa = PBXFileReference; lastKnownFileType = text.plist.xml; path = Info.plist; sourceTree = "<group>"; };
		9381335020B6EE2A00CBF8F6 /* TitleDetailTableViewCell.swift */ = {isa = PBXFileReference; lastKnownFileType = sourcecode.swift; path = TitleDetailTableViewCell.swift; sourceTree = "<group>"; };
		93C36A4720DAFF97006B7ECF /* SamplesViewController.swift */ = {isa = PBXFileReference; lastKnownFileType = sourcecode.swift; path = SamplesViewController.swift; sourceTree = "<group>"; };
		93C36A4920DB02E0006B7ECF /* TitleDetailTableViewCell.xib */ = {isa = PBXFileReference; lastKnownFileType = file.xib; path = TitleDetailTableViewCell.xib; sourceTree = "<group>"; };
		AB577B9B21759F6C00CD2363 /* AccountService.swift */ = {isa = PBXFileReference; lastKnownFileType = sourcecode.swift; path = AccountService.swift; sourceTree = "<group>"; };
		AB577B9E2175A6EE00CD2363 /* CenterLabelTableViewCell.swift */ = {isa = PBXFileReference; lastKnownFileType = sourcecode.swift; path = CenterLabelTableViewCell.swift; sourceTree = "<group>"; };
		AB577BA1217655DD00CD2363 /* ArtistsViewController.swift */ = {isa = PBXFileReference; lastKnownFileType = sourcecode.swift; path = ArtistsViewController.swift; sourceTree = "<group>"; };
		AB577BA92179665400CD2363 /* HomeViewController.swift */ = {isa = PBXFileReference; lastKnownFileType = sourcecode.swift; path = HomeViewController.swift; sourceTree = "<group>"; };
		AB577BAB2179838B00CD2363 /* MusicLibraryService.swift */ = {isa = PBXFileReference; lastKnownFileType = sourcecode.swift; path = MusicLibraryService.swift; sourceTree = "<group>"; };
		AB577BC42181105500CD2363 /* HomeService.swift */ = {isa = PBXFileReference; lastKnownFileType = sourcecode.swift; path = HomeService.swift; sourceTree = "<group>"; };
		AB577BCC2183D5C100CD2363 /* mock-home-response.json */ = {isa = PBXFileReference; lastKnownFileType = text.json; path = "mock-home-response.json"; sourceTree = "<group>"; };
		AB577BCE2183D64700CD2363 /* README.md */ = {isa = PBXFileReference; lastKnownFileType = net.daringfireball.markdown; path = README.md; sourceTree = "<group>"; };
		AB577BCF2183D6F800CD2363 /* README.md */ = {isa = PBXFileReference; lastKnownFileType = net.daringfireball.markdown; path = README.md; sourceTree = "<group>"; };
		AB577BD02183D70B00CD2363 /* README.md */ = {isa = PBXFileReference; lastKnownFileType = net.daringfireball.markdown; path = README.md; sourceTree = "<group>"; };
		AB577BD12183D7F200CD2363 /* Product.swift */ = {isa = PBXFileReference; lastKnownFileType = sourcecode.swift; path = Product.swift; sourceTree = "<group>"; };
		AB577BD32183D8C200CD2363 /* Store.swift */ = {isa = PBXFileReference; lastKnownFileType = sourcecode.swift; path = Store.swift; sourceTree = "<group>"; };
		AB577BD52184DC6F00CD2363 /* ImageTitleSubtitleTableViewCell.swift */ = {isa = PBXFileReference; lastKnownFileType = sourcecode.swift; path = ImageTitleSubtitleTableViewCell.swift; sourceTree = "<group>"; };
		AB577BDB2187CC2100CD2363 /* README.md */ = {isa = PBXFileReference; lastKnownFileType = net.daringfireball.markdown; path = README.md; sourceTree = "<group>"; };
		AB577BDC2189769800CD2363 /* AccountDetailViewController.swift */ = {isa = PBXFileReference; lastKnownFileType = sourcecode.swift; path = AccountDetailViewController.swift; sourceTree = "<group>"; };
		AB86C3BE2141718C00FA4945 /* SectionHeaderView.swift */ = {isa = PBXFileReference; lastKnownFileType = sourcecode.swift; path = SectionHeaderView.swift; sourceTree = "<group>"; };
		ABE0F35821AE3F7F0098950D /* ImageTitleSubtitleTableViewCell.xib */ = {isa = PBXFileReference; lastKnownFileType = file.xib; path = ImageTitleSubtitleTableViewCell.xib; sourceTree = "<group>"; };
		ABE0F35E21B49DD90098950D /* NewsFeedViewController.swift */ = {isa = PBXFileReference; lastKnownFileType = sourcecode.swift; path = NewsFeedViewController.swift; sourceTree = "<group>"; };
		ABE0F36021B4AA830098950D /* NewsFeedService.swift */ = {isa = PBXFileReference; lastKnownFileType = sourcecode.swift; path = NewsFeedService.swift; sourceTree = "<group>"; };
		ABE0F36221B4AB2D0098950D /* news-items.json */ = {isa = PBXFileReference; lastKnownFileType = text.json; path = "news-items.json"; sourceTree = "<group>"; };
		ABE0F36821BE20380098950D /* TableauExampleTests.xctest */ = {isa = PBXFileReference; explicitFileType = wrapper.cfbundle; includeInIndex = 0; path = TableauExampleTests.xctest; sourceTree = BUILT_PRODUCTS_DIR; };
		ABE0F36A21BE20380098950D /* TableDimensionTests.swift */ = {isa = PBXFileReference; lastKnownFileType = sourcecode.swift; path = TableDimensionTests.swift; sourceTree = "<group>"; };
		ABE0F36C21BE20380098950D /* Info.plist */ = {isa = PBXFileReference; lastKnownFileType = text.plist.xml; path = Info.plist; sourceTree = "<group>"; };
		ABE0F37421BE24F30098950D /* Cells.swift */ = {isa = PBXFileReference; lastKnownFileType = sourcecode.swift; path = Cells.swift; sourceTree = "<group>"; };
		ABE0F37921BE282A0098950D /* TableTestCase.swift */ = {isa = PBXFileReference; lastKnownFileType = sourcecode.swift; path = TableTestCase.swift; sourceTree = "<group>"; };
		ABE0F37B21BE30730098950D /* TableCellBindingMethods.swift */ = {isa = PBXFileReference; lastKnownFileType = sourcecode.swift; path = TableCellBindingMethods.swift; sourceTree = "<group>"; };
		B5FEBC5088F0D7E30632BBD0 /* Pods_TableauExample.framework */ = {isa = PBXFileReference; explicitFileType = wrapper.framework; includeInIndex = 0; path = Pods_TableauExample.framework; sourceTree = BUILT_PRODUCTS_DIR; };
		FE17F9A4879165AF43849970 /* Pods_TableauExampleTests.framework */ = {isa = PBXFileReference; explicitFileType = wrapper.framework; includeInIndex = 0; path = Pods_TableauExampleTests.framework; sourceTree = BUILT_PRODUCTS_DIR; };
/* End PBXFileReference section */

/* Begin PBXFrameworksBuildPhase section */
		938132D120B6463000CBF8F6 /* Frameworks */ = {
			isa = PBXFrameworksBuildPhase;
			buildActionMask = 2147483647;
			files = (
				AA8B7612901AEED60C395EB0 /* Pods_TableauExample.framework in Frameworks */,
			);
			runOnlyForDeploymentPostprocessing = 0;
		};
		ABE0F36521BE20380098950D /* Frameworks */ = {
			isa = PBXFrameworksBuildPhase;
			buildActionMask = 2147483647;
			files = (
				6E2CB900CB0503EB7AE1EAC3 /* Pods_TableauExampleTests.framework in Frameworks */,
			);
			runOnlyForDeploymentPostprocessing = 0;
		};
/* End PBXFrameworksBuildPhase section */

/* Begin PBXGroup section */
		27AE4BDD9FD2F8BA2490D817 /* Pods */ = {
			isa = PBXGroup;
			children = (
				1386F8CF294C675AF9810979 /* Pods-TableauExample.debug.xcconfig */,
				6905CEA7EB85FC4B10F150DF /* Pods-TableauExample.release.xcconfig */,
				5AADC7CBA1D7A7674CACFA20 /* Pods-TableauExampleTests.debug.xcconfig */,
				55D765C5FB109FA81BDD1D5A /* Pods-TableauExampleTests.release.xcconfig */,
			);
			name = Pods;
			sourceTree = "<group>";
		};
		938132CB20B6463000CBF8F6 = {
			isa = PBXGroup;
			children = (
				938132D620B6463000CBF8F6 /* TableauExample */,
				ABE0F36921BE20380098950D /* TableauExampleTests */,
				938132D520B6463000CBF8F6 /* Products */,
				27AE4BDD9FD2F8BA2490D817 /* Pods */,
				EBF40F86B284BBBC4E5ACCEB /* Frameworks */,
			);
			sourceTree = "<group>";
		};
		938132D520B6463000CBF8F6 /* Products */ = {
			isa = PBXGroup;
			children = (
				938132D420B6463000CBF8F6 /* TableauExample.app */,
				ABE0F36821BE20380098950D /* TableauExampleTests.xctest */,
			);
			name = Products;
			sourceTree = "<group>";
		};
		938132D620B6463000CBF8F6 /* TableauExample */ = {
			isa = PBXGroup;
			children = (
				AB577BDB2187CC2100CD2363 /* README.md */,
				938132D720B6463000CBF8F6 /* AppDelegate.swift */,
				93C36A4720DAFF97006B7ECF /* SamplesViewController.swift */,
				AB577B98217596AF00CD2363 /* Sample 1 - Accounts */,
				AB577BA02176444000CD2363 /* Sample 2 - Artists & Songs */,
				AB577BA82179662400CD2363 /* Sample 3 - Dynamic Home Page */,
				ABE0F35D21B49DC10098950D /* Sample 4 - News Feed */,
				AB577B9D21759F8B00CD2363 /* Shared Views */,
				9381334F20B6EDFA00CBF8F6 /* Resources */,
				938132E320B6463200CBF8F6 /* Info.plist */,
			);
			path = TableauExample;
			sourceTree = "<group>";
		};
		9381334F20B6EDFA00CBF8F6 /* Resources */ = {
			isa = PBXGroup;
			children = (
				938132DE20B6463200CBF8F6 /* Assets.xcassets */,
				938132E020B6463200CBF8F6 /* LaunchScreen.storyboard */,
			);
			path = Resources;
			sourceTree = "<group>";
		};
		AB577B98217596AF00CD2363 /* Sample 1 - Accounts */ = {
			isa = PBXGroup;
			children = (
				AB577BCE2183D64700CD2363 /* README.md */,
				938132D920B6463000CBF8F6 /* AccountsViewController.swift */,
				AB577BDC2189769800CD2363 /* AccountDetailViewController.swift */,
				AB577B9B21759F6C00CD2363 /* AccountService.swift */,
			);
			path = "Sample 1 - Accounts";
			sourceTree = "<group>";
		};
		AB577B9D21759F8B00CD2363 /* Shared Views */ = {
			isa = PBXGroup;
			children = (
				AB577B9E2175A6EE00CD2363 /* CenterLabelTableViewCell.swift */,
				9381335020B6EE2A00CBF8F6 /* TitleDetailTableViewCell.swift */,
				93C36A4920DB02E0006B7ECF /* TitleDetailTableViewCell.xib */,
				AB577BD52184DC6F00CD2363 /* ImageTitleSubtitleTableViewCell.swift */,
				ABE0F35821AE3F7F0098950D /* ImageTitleSubtitleTableViewCell.xib */,
				AB86C3BE2141718C00FA4945 /* SectionHeaderView.swift */,
			);
			path = "Shared Views";
			sourceTree = "<group>";
		};
		AB577BA02176444000CD2363 /* Sample 2 - Artists & Songs */ = {
			isa = PBXGroup;
			children = (
				AB577BCF2183D6F800CD2363 /* README.md */,
				AB577BA1217655DD00CD2363 /* ArtistsViewController.swift */,
				AB577BAB2179838B00CD2363 /* MusicLibraryService.swift */,
			);
			path = "Sample 2 - Artists & Songs";
			sourceTree = "<group>";
		};
		AB577BA82179662400CD2363 /* Sample 3 - Dynamic Home Page */ = {
			isa = PBXGroup;
			children = (
				AB577BD02183D70B00CD2363 /* README.md */,
				AB577BA92179665400CD2363 /* HomeViewController.swift */,
				AB577BC42181105500CD2363 /* HomeService.swift */,
				AB577BD12183D7F200CD2363 /* Product.swift */,
				AB577BD32183D8C200CD2363 /* Store.swift */,
				ABE0F35721AD10340098950D /* Mocks */,
			);
			path = "Sample 3 - Dynamic Home Page";
			sourceTree = "<group>";
		};
		ABE0F35721AD10340098950D /* Mocks */ = {
			isa = PBXGroup;
			children = (
				AB577BCC2183D5C100CD2363 /* mock-home-response.json */,
			);
			path = Mocks;
			sourceTree = "<group>";
		};
		ABE0F35D21B49DC10098950D /* Sample 4 - News Feed */ = {
			isa = PBXGroup;
			children = (
				ABE0F35E21B49DD90098950D /* NewsFeedViewController.swift */,
				ABE0F36021B4AA830098950D /* NewsFeedService.swift */,
				ABE0F36221B4AB2D0098950D /* news-items.json */,
			);
			path = "Sample 4 - News Feed";
			sourceTree = "<group>";
		};
		ABE0F36921BE20380098950D /* TableauExampleTests */ = {
			isa = PBXGroup;
			children = (
				ABE0F37221BE20900098950D /* Table */,
				ABE0F36C21BE20380098950D /* Info.plist */,
			);
			path = TableauExampleTests;
			sourceTree = "<group>";
		};
		ABE0F37221BE20900098950D /* Table */ = {
			isa = PBXGroup;
			children = (
				ABE0F37321BE24E20098950D /* Test Classes */,
				ABE0F37B21BE30730098950D /* TableCellBindingMethods.swift */,
				ABE0F36A21BE20380098950D /* TableDimensionTests.swift */,
			);
			path = Table;
			sourceTree = "<group>";
		};
		ABE0F37321BE24E20098950D /* Test Classes */ = {
			isa = PBXGroup;
			children = (
				ABE0F37421BE24F30098950D /* Cells.swift */,
				ABE0F37921BE282A0098950D /* TableTestCase.swift */,
			);
			path = "Test Classes";
			sourceTree = "<group>";
		};
		EBF40F86B284BBBC4E5ACCEB /* Frameworks */ = {
			isa = PBXGroup;
			children = (
				B5FEBC5088F0D7E30632BBD0 /* Pods_TableauExample.framework */,
				FE17F9A4879165AF43849970 /* Pods_TableauExampleTests.framework */,
			);
			name = Frameworks;
			sourceTree = "<group>";
		};
/* End PBXGroup section */

/* Begin PBXNativeTarget section */
		938132D320B6463000CBF8F6 /* TableauExample */ = {
			isa = PBXNativeTarget;
			buildConfigurationList = 938132E620B6463200CBF8F6 /* Build configuration list for PBXNativeTarget "TableauExample" */;
			buildPhases = (
				29CF50FF5DBA1AA16C9761DF /* [CP] Check Pods Manifest.lock */,
				938132D020B6463000CBF8F6 /* Sources */,
				938132D120B6463000CBF8F6 /* Frameworks */,
				938132D220B6463000CBF8F6 /* Resources */,
				9381330C20B6486400CBF8F6 /* Embed Frameworks */,
				01E321FF9D1B381B3D30A111 /* [CP] Embed Pods Frameworks */,
			);
			buildRules = (
			);
			dependencies = (
			);
			name = TableauExample;
			productName = TableauExample;
			productReference = 938132D420B6463000CBF8F6 /* TableauExample.app */;
			productType = "com.apple.product-type.application";
		};
		ABE0F36721BE20380098950D /* TableauExampleTests */ = {
			isa = PBXNativeTarget;
			buildConfigurationList = ABE0F36F21BE20380098950D /* Build configuration list for PBXNativeTarget "TableauExampleTests" */;
			buildPhases = (
				4A88A49C742F30C459B1CBC0 /* [CP] Check Pods Manifest.lock */,
				ABE0F36421BE20380098950D /* Sources */,
				ABE0F36521BE20380098950D /* Frameworks */,
				ABE0F36621BE20380098950D /* Resources */,
				6CE8461F7BC77C06C9E8D09A /* [CP] Embed Pods Frameworks */,
			);
			buildRules = (
			);
			dependencies = (
				ABE0F36E21BE20380098950D /* PBXTargetDependency */,
			);
			name = TableauExampleTests;
			productName = TableauExampleTests;
			productReference = ABE0F36821BE20380098950D /* TableauExampleTests.xctest */;
			productType = "com.apple.product-type.bundle.unit-test";
		};
/* End PBXNativeTarget section */

/* Begin PBXProject section */
		938132CC20B6463000CBF8F6 /* Project object */ = {
			isa = PBXProject;
			attributes = {
				LastSwiftUpdateCheck = 1000;
				LastUpgradeCheck = 0930;
				ORGANIZATIONNAME = AaronBosnjak;
				TargetAttributes = {
					938132D320B6463000CBF8F6 = {
						CreatedOnToolsVersion = 9.3.1;
					};
					ABE0F36721BE20380098950D = {
						CreatedOnToolsVersion = 10.0;
						TestTargetID = 938132D320B6463000CBF8F6;
					};
				};
			};
			buildConfigurationList = 938132CF20B6463000CBF8F6 /* Build configuration list for PBXProject "TableauExample" */;
			compatibilityVersion = "Xcode 9.3";
			developmentRegion = en;
			hasScannedForEncodings = 0;
			knownRegions = (
				en,
				Base,
			);
			mainGroup = 938132CB20B6463000CBF8F6;
			productRefGroup = 938132D520B6463000CBF8F6 /* Products */;
			projectDirPath = "";
			projectRoot = "";
			targets = (
				938132D320B6463000CBF8F6 /* TableauExample */,
				ABE0F36721BE20380098950D /* TableauExampleTests */,
			);
		};
/* End PBXProject section */

/* Begin PBXResourcesBuildPhase section */
		938132D220B6463000CBF8F6 /* Resources */ = {
			isa = PBXResourcesBuildPhase;
			buildActionMask = 2147483647;
			files = (
				93C36A4A20DB02E0006B7ECF /* TitleDetailTableViewCell.xib in Resources */,
				ABE0F36321B4AB2D0098950D /* news-items.json in Resources */,
				ABE0F35921AE3F7F0098950D /* ImageTitleSubtitleTableViewCell.xib in Resources */,
				938132E220B6463200CBF8F6 /* LaunchScreen.storyboard in Resources */,
				938132DF20B6463200CBF8F6 /* Assets.xcassets in Resources */,
				AB577BCD2183D5C100CD2363 /* mock-home-response.json in Resources */,
			);
			runOnlyForDeploymentPostprocessing = 0;
		};
		ABE0F36621BE20380098950D /* Resources */ = {
			isa = PBXResourcesBuildPhase;
			buildActionMask = 2147483647;
			files = (
			);
			runOnlyForDeploymentPostprocessing = 0;
		};
/* End PBXResourcesBuildPhase section */

/* Begin PBXShellScriptBuildPhase section */
		01E321FF9D1B381B3D30A111 /* [CP] Embed Pods Frameworks */ = {
			isa = PBXShellScriptBuildPhase;
			buildActionMask = 2147483647;
			files = (
			);
			inputPaths = (
				"${SRCROOT}/Pods/Target Support Files/Pods-TableauExample/Pods-TableauExample-frameworks.sh",
				"${BUILT_PRODUCTS_DIR}/RxAtomic/RxAtomic.framework",
				"${BUILT_PRODUCTS_DIR}/RxCocoa/RxCocoa.framework",
				"${BUILT_PRODUCTS_DIR}/RxSwift/RxSwift.framework",
				"${BUILT_PRODUCTS_DIR}/Tableau/Tableau.framework",
			);
			name = "[CP] Embed Pods Frameworks";
			outputPaths = (
				"${TARGET_BUILD_DIR}/${FRAMEWORKS_FOLDER_PATH}/RxAtomic.framework",
				"${TARGET_BUILD_DIR}/${FRAMEWORKS_FOLDER_PATH}/RxCocoa.framework",
				"${TARGET_BUILD_DIR}/${FRAMEWORKS_FOLDER_PATH}/RxSwift.framework",
				"${TARGET_BUILD_DIR}/${FRAMEWORKS_FOLDER_PATH}/Tableau.framework",
			);
			runOnlyForDeploymentPostprocessing = 0;
			shellPath = /bin/sh;
			shellScript = "\"${SRCROOT}/Pods/Target Support Files/Pods-TableauExample/Pods-TableauExample-frameworks.sh\"\n";
			showEnvVarsInLog = 0;
		};
		29CF50FF5DBA1AA16C9761DF /* [CP] Check Pods Manifest.lock */ = {
			isa = PBXShellScriptBuildPhase;
			buildActionMask = 2147483647;
			files = (
			);
			inputPaths = (
				"${PODS_PODFILE_DIR_PATH}/Podfile.lock",
				"${PODS_ROOT}/Manifest.lock",
			);
			name = "[CP] Check Pods Manifest.lock";
			outputPaths = (
				"$(DERIVED_FILE_DIR)/Pods-TableauExample-checkManifestLockResult.txt",
			);
			runOnlyForDeploymentPostprocessing = 0;
			shellPath = /bin/sh;
			shellScript = "diff \"${PODS_PODFILE_DIR_PATH}/Podfile.lock\" \"${PODS_ROOT}/Manifest.lock\" > /dev/null\nif [ $? != 0 ] ; then\n    # print error to STDERR\n    echo \"error: The sandbox is not in sync with the Podfile.lock. Run 'pod install' or update your CocoaPods installation.\" >&2\n    exit 1\nfi\n# This output is used by Xcode 'outputs' to avoid re-running this script phase.\necho \"SUCCESS\" > \"${SCRIPT_OUTPUT_FILE_0}\"\n";
			showEnvVarsInLog = 0;
		};
		4A88A49C742F30C459B1CBC0 /* [CP] Check Pods Manifest.lock */ = {
			isa = PBXShellScriptBuildPhase;
			buildActionMask = 2147483647;
			files = (
			);
			inputFileListPaths = (
			);
			inputPaths = (
				"${PODS_PODFILE_DIR_PATH}/Podfile.lock",
				"${PODS_ROOT}/Manifest.lock",
			);
			name = "[CP] Check Pods Manifest.lock";
			outputFileListPaths = (
			);
			outputPaths = (
				"$(DERIVED_FILE_DIR)/Pods-TableauExampleTests-checkManifestLockResult.txt",
			);
			runOnlyForDeploymentPostprocessing = 0;
			shellPath = /bin/sh;
			shellScript = "diff \"${PODS_PODFILE_DIR_PATH}/Podfile.lock\" \"${PODS_ROOT}/Manifest.lock\" > /dev/null\nif [ $? != 0 ] ; then\n    # print error to STDERR\n    echo \"error: The sandbox is not in sync with the Podfile.lock. Run 'pod install' or update your CocoaPods installation.\" >&2\n    exit 1\nfi\n# This output is used by Xcode 'outputs' to avoid re-running this script phase.\necho \"SUCCESS\" > \"${SCRIPT_OUTPUT_FILE_0}\"\n";
			showEnvVarsInLog = 0;
		};
		6CE8461F7BC77C06C9E8D09A /* [CP] Embed Pods Frameworks */ = {
			isa = PBXShellScriptBuildPhase;
			buildActionMask = 2147483647;
			files = (
			);
			inputFileListPaths = (
			);
			inputPaths = (
				"${SRCROOT}/Pods/Target Support Files/Pods-TableauExampleTests/Pods-TableauExampleTests-frameworks.sh",
				"${BUILT_PRODUCTS_DIR}/RxAtomic/RxAtomic.framework",
				"${BUILT_PRODUCTS_DIR}/RxCocoa/RxCocoa.framework",
				"${BUILT_PRODUCTS_DIR}/RxSwift/RxSwift.framework",
				"${BUILT_PRODUCTS_DIR}/Tableau/Tableau.framework",
				"${BUILT_PRODUCTS_DIR}/Nimble/Nimble.framework",
			);
			name = "[CP] Embed Pods Frameworks";
			outputFileListPaths = (
			);
			outputPaths = (
				"${TARGET_BUILD_DIR}/${FRAMEWORKS_FOLDER_PATH}/RxAtomic.framework",
				"${TARGET_BUILD_DIR}/${FRAMEWORKS_FOLDER_PATH}/RxCocoa.framework",
				"${TARGET_BUILD_DIR}/${FRAMEWORKS_FOLDER_PATH}/RxSwift.framework",
				"${TARGET_BUILD_DIR}/${FRAMEWORKS_FOLDER_PATH}/Tableau.framework",
				"${TARGET_BUILD_DIR}/${FRAMEWORKS_FOLDER_PATH}/Nimble.framework",
			);
			runOnlyForDeploymentPostprocessing = 0;
			shellPath = /bin/sh;
			shellScript = "\"${SRCROOT}/Pods/Target Support Files/Pods-TableauExampleTests/Pods-TableauExampleTests-frameworks.sh\"\n";
			showEnvVarsInLog = 0;
		};
/* End PBXShellScriptBuildPhase section */

/* Begin PBXSourcesBuildPhase section */
		938132D020B6463000CBF8F6 /* Sources */ = {
			isa = PBXSourcesBuildPhase;
			buildActionMask = 2147483647;
			files = (
				AB577BA2217655DD00CD2363 /* ArtistsViewController.swift in Sources */,
				AB577BAC2179838B00CD2363 /* MusicLibraryService.swift in Sources */,
				938132DA20B6463000CBF8F6 /* AccountsViewController.swift in Sources */,
				938132D820B6463000CBF8F6 /* AppDelegate.swift in Sources */,
				AB577BD62184DC6F00CD2363 /* ImageTitleSubtitleTableViewCell.swift in Sources */,
				AB86C3BF2141718C00FA4945 /* SectionHeaderView.swift in Sources */,
				AB577BDD2189769800CD2363 /* AccountDetailViewController.swift in Sources */,
				9381335120B6EE2A00CBF8F6 /* TitleDetailTableViewCell.swift in Sources */,
				ABE0F35F21B49DD90098950D /* NewsFeedViewController.swift in Sources */,
				AB577BAA2179665400CD2363 /* HomeViewController.swift in Sources */,
				AB577BD42183D8C200CD2363 /* Store.swift in Sources */,
				AB577B9C21759F6C00CD2363 /* AccountService.swift in Sources */,
				AB577BC52181105500CD2363 /* HomeService.swift in Sources */,
				AB577B9F2175A6EE00CD2363 /* CenterLabelTableViewCell.swift in Sources */,
				93C36A4820DAFF97006B7ECF /* SamplesViewController.swift in Sources */,
				ABE0F36121B4AA830098950D /* NewsFeedService.swift in Sources */,
				AB577BD22183D7F200CD2363 /* Product.swift in Sources */,
			);
			runOnlyForDeploymentPostprocessing = 0;
		};
		ABE0F36421BE20380098950D /* Sources */ = {
			isa = PBXSourcesBuildPhase;
			buildActionMask = 2147483647;
			files = (
				ABE0F36B21BE20380098950D /* TableDimensionTests.swift in Sources */,
				ABE0F37A21BE282A0098950D /* TableTestCase.swift in Sources */,
				ABE0F37521BE24F30098950D /* Cells.swift in Sources */,
				ABE0F37C21BE30730098950D /* TableCellBindingMethods.swift in Sources */,
			);
			runOnlyForDeploymentPostprocessing = 0;
		};
/* End PBXSourcesBuildPhase section */

/* Begin PBXTargetDependency section */
		ABE0F36E21BE20380098950D /* PBXTargetDependency */ = {
			isa = PBXTargetDependency;
			target = 938132D320B6463000CBF8F6 /* TableauExample */;
			targetProxy = ABE0F36D21BE20380098950D /* PBXContainerItemProxy */;
		};
/* End PBXTargetDependency section */

/* Begin PBXVariantGroup section */
		938132E020B6463200CBF8F6 /* LaunchScreen.storyboard */ = {
			isa = PBXVariantGroup;
			children = (
				938132E120B6463200CBF8F6 /* Base */,
			);
			name = LaunchScreen.storyboard;
			sourceTree = "<group>";
		};
/* End PBXVariantGroup section */

/* Begin XCBuildConfiguration section */
		938132E420B6463200CBF8F6 /* Debug */ = {
			isa = XCBuildConfiguration;
			buildSettings = {
				ALWAYS_SEARCH_USER_PATHS = NO;
				CLANG_ANALYZER_NONNULL = YES;
				CLANG_ANALYZER_NUMBER_OBJECT_CONVERSION = YES_AGGRESSIVE;
				CLANG_CXX_LANGUAGE_STANDARD = "gnu++14";
				CLANG_CXX_LIBRARY = "libc++";
				CLANG_ENABLE_MODULES = YES;
				CLANG_ENABLE_OBJC_ARC = YES;
				CLANG_ENABLE_OBJC_WEAK = YES;
				CLANG_WARN_BLOCK_CAPTURE_AUTORELEASING = YES;
				CLANG_WARN_BOOL_CONVERSION = YES;
				CLANG_WARN_COMMA = YES;
				CLANG_WARN_CONSTANT_CONVERSION = YES;
				CLANG_WARN_DEPRECATED_OBJC_IMPLEMENTATIONS = YES;
				CLANG_WARN_DIRECT_OBJC_ISA_USAGE = YES_ERROR;
				CLANG_WARN_DOCUMENTATION_COMMENTS = YES;
				CLANG_WARN_EMPTY_BODY = YES;
				CLANG_WARN_ENUM_CONVERSION = YES;
				CLANG_WARN_INFINITE_RECURSION = YES;
				CLANG_WARN_INT_CONVERSION = YES;
				CLANG_WARN_NON_LITERAL_NULL_CONVERSION = YES;
				CLANG_WARN_OBJC_IMPLICIT_RETAIN_SELF = YES;
				CLANG_WARN_OBJC_LITERAL_CONVERSION = YES;
				CLANG_WARN_OBJC_ROOT_CLASS = YES_ERROR;
				CLANG_WARN_RANGE_LOOP_ANALYSIS = YES;
				CLANG_WARN_STRICT_PROTOTYPES = YES;
				CLANG_WARN_SUSPICIOUS_MOVE = YES;
				CLANG_WARN_UNGUARDED_AVAILABILITY = YES_AGGRESSIVE;
				CLANG_WARN_UNREACHABLE_CODE = YES;
				CLANG_WARN__DUPLICATE_METHOD_MATCH = YES;
				CODE_SIGN_IDENTITY = "iPhone Developer";
				COPY_PHASE_STRIP = NO;
				DEBUG_INFORMATION_FORMAT = dwarf;
				ENABLE_STRICT_OBJC_MSGSEND = YES;
				ENABLE_TESTABILITY = YES;
				GCC_C_LANGUAGE_STANDARD = gnu11;
				GCC_DYNAMIC_NO_PIC = NO;
				GCC_NO_COMMON_BLOCKS = YES;
				GCC_OPTIMIZATION_LEVEL = 0;
				GCC_PREPROCESSOR_DEFINITIONS = (
					"DEBUG=1",
					"$(inherited)",
				);
				GCC_WARN_64_TO_32_BIT_CONVERSION = YES;
				GCC_WARN_ABOUT_RETURN_TYPE = YES_ERROR;
				GCC_WARN_UNDECLARED_SELECTOR = YES;
				GCC_WARN_UNINITIALIZED_AUTOS = YES_AGGRESSIVE;
				GCC_WARN_UNUSED_FUNCTION = YES;
				GCC_WARN_UNUSED_VARIABLE = YES;
				IPHONEOS_DEPLOYMENT_TARGET = 11.3;
				MTL_ENABLE_DEBUG_INFO = YES;
				ONLY_ACTIVE_ARCH = YES;
				SDKROOT = iphoneos;
				SWIFT_ACTIVE_COMPILATION_CONDITIONS = DEBUG;
				SWIFT_OPTIMIZATION_LEVEL = "-Onone";
			};
			name = Debug;
		};
		938132E520B6463200CBF8F6 /* Release */ = {
			isa = XCBuildConfiguration;
			buildSettings = {
				ALWAYS_SEARCH_USER_PATHS = NO;
				CLANG_ANALYZER_NONNULL = YES;
				CLANG_ANALYZER_NUMBER_OBJECT_CONVERSION = YES_AGGRESSIVE;
				CLANG_CXX_LANGUAGE_STANDARD = "gnu++14";
				CLANG_CXX_LIBRARY = "libc++";
				CLANG_ENABLE_MODULES = YES;
				CLANG_ENABLE_OBJC_ARC = YES;
				CLANG_ENABLE_OBJC_WEAK = YES;
				CLANG_WARN_BLOCK_CAPTURE_AUTORELEASING = YES;
				CLANG_WARN_BOOL_CONVERSION = YES;
				CLANG_WARN_COMMA = YES;
				CLANG_WARN_CONSTANT_CONVERSION = YES;
				CLANG_WARN_DEPRECATED_OBJC_IMPLEMENTATIONS = YES;
				CLANG_WARN_DIRECT_OBJC_ISA_USAGE = YES_ERROR;
				CLANG_WARN_DOCUMENTATION_COMMENTS = YES;
				CLANG_WARN_EMPTY_BODY = YES;
				CLANG_WARN_ENUM_CONVERSION = YES;
				CLANG_WARN_INFINITE_RECURSION = YES;
				CLANG_WARN_INT_CONVERSION = YES;
				CLANG_WARN_NON_LITERAL_NULL_CONVERSION = YES;
				CLANG_WARN_OBJC_IMPLICIT_RETAIN_SELF = YES;
				CLANG_WARN_OBJC_LITERAL_CONVERSION = YES;
				CLANG_WARN_OBJC_ROOT_CLASS = YES_ERROR;
				CLANG_WARN_RANGE_LOOP_ANALYSIS = YES;
				CLANG_WARN_STRICT_PROTOTYPES = YES;
				CLANG_WARN_SUSPICIOUS_MOVE = YES;
				CLANG_WARN_UNGUARDED_AVAILABILITY = YES_AGGRESSIVE;
				CLANG_WARN_UNREACHABLE_CODE = YES;
				CLANG_WARN__DUPLICATE_METHOD_MATCH = YES;
				CODE_SIGN_IDENTITY = "iPhone Developer";
				COPY_PHASE_STRIP = NO;
				DEBUG_INFORMATION_FORMAT = "dwarf-with-dsym";
				ENABLE_NS_ASSERTIONS = NO;
				ENABLE_STRICT_OBJC_MSGSEND = YES;
				GCC_C_LANGUAGE_STANDARD = gnu11;
				GCC_NO_COMMON_BLOCKS = YES;
				GCC_WARN_64_TO_32_BIT_CONVERSION = YES;
				GCC_WARN_ABOUT_RETURN_TYPE = YES_ERROR;
				GCC_WARN_UNDECLARED_SELECTOR = YES;
				GCC_WARN_UNINITIALIZED_AUTOS = YES_AGGRESSIVE;
				GCC_WARN_UNUSED_FUNCTION = YES;
				GCC_WARN_UNUSED_VARIABLE = YES;
				IPHONEOS_DEPLOYMENT_TARGET = 11.3;
				MTL_ENABLE_DEBUG_INFO = NO;
				SDKROOT = iphoneos;
				SWIFT_COMPILATION_MODE = wholemodule;
				SWIFT_OPTIMIZATION_LEVEL = "-O";
				VALIDATE_PRODUCT = YES;
			};
			name = Release;
		};
		938132E720B6463200CBF8F6 /* Debug */ = {
			isa = XCBuildConfiguration;
			baseConfigurationReference = 1386F8CF294C675AF9810979 /* Pods-TableauExample.debug.xcconfig */;
			buildSettings = {
				ASSETCATALOG_COMPILER_APPICON_NAME = AppIcon;
				CODE_SIGN_STYLE = Automatic;
				DEVELOPMENT_TEAM = HE8Y2NA5B5;
				INFOPLIST_FILE = TableauExample/Info.plist;
				LD_RUNPATH_SEARCH_PATHS = (
					"$(inherited)",
					"@executable_path/Frameworks",
				);
				PRODUCT_BUNDLE_IDENTIFIER = com.AaronBosnjak.TableauExample;
				PRODUCT_NAME = "$(TARGET_NAME)";
				SWIFT_VERSION = 4.2;
				TARGETED_DEVICE_FAMILY = "1,2";
			};
			name = Debug;
		};
		938132E820B6463200CBF8F6 /* Release */ = {
			isa = XCBuildConfiguration;
			baseConfigurationReference = 6905CEA7EB85FC4B10F150DF /* Pods-TableauExample.release.xcconfig */;
			buildSettings = {
				ASSETCATALOG_COMPILER_APPICON_NAME = AppIcon;
				CODE_SIGN_STYLE = Automatic;
				DEVELOPMENT_TEAM = HE8Y2NA5B5;
				GCC_OPTIMIZATION_LEVEL = 0;
				INFOPLIST_FILE = TableauExample/Info.plist;
				LD_RUNPATH_SEARCH_PATHS = (
					"$(inherited)",
					"@executable_path/Frameworks",
				);
				PRODUCT_BUNDLE_IDENTIFIER = com.AaronBosnjak.TableauExample;
				PRODUCT_NAME = "$(TARGET_NAME)";
				SWIFT_VERSION = 4.2;
				TARGETED_DEVICE_FAMILY = "1,2";
			};
			name = Release;
		};
		ABE0F37021BE20380098950D /* Debug */ = {
			isa = XCBuildConfiguration;
			baseConfigurationReference = 5AADC7CBA1D7A7674CACFA20 /* Pods-TableauExampleTests.debug.xcconfig */;
			buildSettings = {
				BUNDLE_LOADER = "$(TEST_HOST)";
				CODE_SIGN_STYLE = Automatic;
				DEVELOPMENT_TEAM = HE8Y2NA5B5;
				INFOPLIST_FILE = TableauExampleTests/Info.plist;
				IPHONEOS_DEPLOYMENT_TARGET = 12.0;
				LD_RUNPATH_SEARCH_PATHS = (
					"$(inherited)",
					"@executable_path/Frameworks",
					"@loader_path/Frameworks",
				);
				MTL_ENABLE_DEBUG_INFO = INCLUDE_SOURCE;
				MTL_FAST_MATH = YES;
				PRODUCT_BUNDLE_IDENTIFIER = com.aaronbosnjak.viewmodels.TableauExampleTests;
				PRODUCT_NAME = "$(TARGET_NAME)";
				SWIFT_VERSION = 4.2;
				TARGETED_DEVICE_FAMILY = "1,2";
				TEST_HOST = "$(BUILT_PRODUCTS_DIR)/TableauExample.app/TableauExample";
			};
			name = Debug;
		};
		ABE0F37121BE20380098950D /* Release */ = {
			isa = XCBuildConfiguration;
			baseConfigurationReference = 55D765C5FB109FA81BDD1D5A /* Pods-TableauExampleTests.release.xcconfig */;
			buildSettings = {
				BUNDLE_LOADER = "$(TEST_HOST)";
				CODE_SIGN_STYLE = Automatic;
				DEVELOPMENT_TEAM = HE8Y2NA5B5;
				INFOPLIST_FILE = TableauExampleTests/Info.plist;
				IPHONEOS_DEPLOYMENT_TARGET = 12.0;
				LD_RUNPATH_SEARCH_PATHS = (
					"$(inherited)",
					"@executable_path/Frameworks",
					"@loader_path/Frameworks",
				);
				MTL_FAST_MATH = YES;
				PRODUCT_BUNDLE_IDENTIFIER = com.aaronbosnjak.viewmodels.TableauExampleTests;
				PRODUCT_NAME = "$(TARGET_NAME)";
				SWIFT_VERSION = 4.2;
				TARGETED_DEVICE_FAMILY = "1,2";
				TEST_HOST = "$(BUILT_PRODUCTS_DIR)/TableauExample.app/TableauExample";
			};
			name = Release;
		};
/* End XCBuildConfiguration section */

/* Begin XCConfigurationList section */
		938132CF20B6463000CBF8F6 /* Build configuration list for PBXProject "TableauExample" */ = {
			isa = XCConfigurationList;
			buildConfigurations = (
				938132E420B6463200CBF8F6 /* Debug */,
				938132E520B6463200CBF8F6 /* Release */,
			);
			defaultConfigurationIsVisible = 0;
			defaultConfigurationName = Release;
		};
		938132E620B6463200CBF8F6 /* Build configuration list for PBXNativeTarget "TableauExample" */ = {
			isa = XCConfigurationList;
			buildConfigurations = (
				938132E720B6463200CBF8F6 /* Debug */,
				938132E820B6463200CBF8F6 /* Release */,
			);
			defaultConfigurationIsVisible = 0;
			defaultConfigurationName = Release;
		};
		ABE0F36F21BE20380098950D /* Build configuration list for PBXNativeTarget "TableauExampleTests" */ = {
			isa = XCConfigurationList;
			buildConfigurations = (
				ABE0F37021BE20380098950D /* Debug */,
				ABE0F37121BE20380098950D /* Release */,
			);
			defaultConfigurationIsVisible = 0;
			defaultConfigurationName = Release;
		};
/* End XCConfigurationList section */
	};
	rootObject = 938132CC20B6463000CBF8F6 /* Project object */;
}
