// !$*UTF8*$!
{
	archiveVersion = 1;
	classes = {
	};
	objectVersion = 50;
	objects = {

/* Begin PBXBuildFile section */
		5E0AC8F3B7117688E3775840 /* Pods_TableViewBinder.framework in Frameworks */ = {isa = PBXBuildFile; fileRef = 54D7633EBE7AEA766E3A7FC0 /* Pods_TableViewBinder.framework */; };
		933252BD20B090020021024D /* _TableViewDataSourceDelegate.swift in Sources */ = {isa = PBXBuildFile; fileRef = 933252BC20B090020021024D /* _TableViewDataSourceDelegate.swift */; };
		9355B90220AFAF18008B0DFB /* MultiSectionTableViewBindResult.swift in Sources */ = {isa = PBXBuildFile; fileRef = 9355B90120AFAF18008B0DFB /* MultiSectionTableViewBindResult.swift */; };
		9355B90420AFAFAD008B0DFB /* SingleSectionTableViewBindResult.swift in Sources */ = {isa = PBXBuildFile; fileRef = 9355B90320AFAFAD008B0DFB /* SingleSectionTableViewBindResult.swift */; };
		938132C520B50FD200CBF8F6 /* TableViewCell.swift in Sources */ = {isa = PBXBuildFile; fileRef = 938132C420B50FD200CBF8F6 /* TableViewCell.swift */; };
		938132C720B5138500CBF8F6 /* TableViewCell.xib in Resources */ = {isa = PBXBuildFile; fileRef = 938132C620B5138500CBF8F6 /* TableViewCell.xib */; };
		93F5C605209A65F6000C7468 /* AppDelegate.swift in Sources */ = {isa = PBXBuildFile; fileRef = 93F5C604209A65F6000C7468 /* AppDelegate.swift */; };
		93F5C607209A65F6000C7468 /* ViewController.swift in Sources */ = {isa = PBXBuildFile; fileRef = 93F5C606209A65F6000C7468 /* ViewController.swift */; };
		93F5C60A209A65F6000C7468 /* Main.storyboard in Resources */ = {isa = PBXBuildFile; fileRef = 93F5C608209A65F6000C7468 /* Main.storyboard */; };
		93F5C60C209A65F9000C7468 /* Assets.xcassets in Resources */ = {isa = PBXBuildFile; fileRef = 93F5C60B209A65F9000C7468 /* Assets.xcassets */; };
		93F5C60F209A65F9000C7468 /* LaunchScreen.storyboard in Resources */ = {isa = PBXBuildFile; fileRef = 93F5C60D209A65F9000C7468 /* LaunchScreen.storyboard */; };
		93F5C618209A6615000C7468 /* SectionedTableViewBinder.swift in Sources */ = {isa = PBXBuildFile; fileRef = 93F5C617209A6615000C7468 /* SectionedTableViewBinder.swift */; };
		93F5C61A209A661E000C7468 /* UINibInitable.swift in Sources */ = {isa = PBXBuildFile; fileRef = 93F5C619209A661E000C7468 /* UINibInitable.swift */; };
		93F5C61C209A662B000C7468 /* ViewModelBindable.swift in Sources */ = {isa = PBXBuildFile; fileRef = 93F5C61B209A662B000C7468 /* ViewModelBindable.swift */; };
		93F5C61E209A6638000C7468 /* ReuseIdentifiable.swift in Sources */ = {isa = PBXBuildFile; fileRef = 93F5C61D209A6638000C7468 /* ReuseIdentifiable.swift */; };
		93F5C620209A6734000C7468 /* UITableView+Registering.swift in Sources */ = {isa = PBXBuildFile; fileRef = 93F5C61F209A6734000C7468 /* UITableView+Registering.swift */; };
		93F5C624209A845F000C7468 /* SecondViewController.swift in Sources */ = {isa = PBXBuildFile; fileRef = 93F5C623209A845F000C7468 /* SecondViewController.swift */; };
/* End PBXBuildFile section */

/* Begin PBXFileReference section */
		48684EEBA3CD67FE3A1BE636 /* Pods-TableViewBinder.debug.xcconfig */ = {isa = PBXFileReference; includeInIndex = 1; lastKnownFileType = text.xcconfig; name = "Pods-TableViewBinder.debug.xcconfig"; path = "Pods/Target Support Files/Pods-TableViewBinder/Pods-TableViewBinder.debug.xcconfig"; sourceTree = "<group>"; };
		54D7633EBE7AEA766E3A7FC0 /* Pods_TableViewBinder.framework */ = {isa = PBXFileReference; explicitFileType = wrapper.framework; includeInIndex = 0; path = Pods_TableViewBinder.framework; sourceTree = BUILT_PRODUCTS_DIR; };
		65767C36D6135B6B36E9BEA2 /* Pods-TableViewBinder.release.xcconfig */ = {isa = PBXFileReference; includeInIndex = 1; lastKnownFileType = text.xcconfig; name = "Pods-TableViewBinder.release.xcconfig"; path = "Pods/Target Support Files/Pods-TableViewBinder/Pods-TableViewBinder.release.xcconfig"; sourceTree = "<group>"; };
		933252BC20B090020021024D /* _TableViewDataSourceDelegate.swift */ = {isa = PBXFileReference; lastKnownFileType = sourcecode.swift; path = _TableViewDataSourceDelegate.swift; sourceTree = "<group>"; };
		9355B90120AFAF18008B0DFB /* MultiSectionTableViewBindResult.swift */ = {isa = PBXFileReference; lastKnownFileType = sourcecode.swift; path = MultiSectionTableViewBindResult.swift; sourceTree = "<group>"; };
		9355B90320AFAFAD008B0DFB /* SingleSectionTableViewBindResult.swift */ = {isa = PBXFileReference; lastKnownFileType = sourcecode.swift; path = SingleSectionTableViewBindResult.swift; sourceTree = "<group>"; };
		938132C420B50FD200CBF8F6 /* TableViewCell.swift */ = {isa = PBXFileReference; lastKnownFileType = sourcecode.swift; path = TableViewCell.swift; sourceTree = "<group>"; };
		938132C620B5138500CBF8F6 /* TableViewCell.xib */ = {isa = PBXFileReference; lastKnownFileType = file.xib; path = TableViewCell.xib; sourceTree = "<group>"; };
		93F5C601209A65F6000C7468 /* TableViewBinder.app */ = {isa = PBXFileReference; explicitFileType = wrapper.application; includeInIndex = 0; path = TableViewBinder.app; sourceTree = BUILT_PRODUCTS_DIR; };
		93F5C604209A65F6000C7468 /* AppDelegate.swift */ = {isa = PBXFileReference; lastKnownFileType = sourcecode.swift; path = AppDelegate.swift; sourceTree = "<group>"; };
		93F5C606209A65F6000C7468 /* ViewController.swift */ = {isa = PBXFileReference; lastKnownFileType = sourcecode.swift; path = ViewController.swift; sourceTree = "<group>"; };
		93F5C609209A65F6000C7468 /* Base */ = {isa = PBXFileReference; lastKnownFileType = file.storyboard; name = Base; path = Base.lproj/Main.storyboard; sourceTree = "<group>"; };
		93F5C60B209A65F9000C7468 /* Assets.xcassets */ = {isa = PBXFileReference; lastKnownFileType = folder.assetcatalog; path = Assets.xcassets; sourceTree = "<group>"; };
		93F5C60E209A65F9000C7468 /* Base */ = {isa = PBXFileReference; lastKnownFileType = file.storyboard; name = Base; path = Base.lproj/LaunchScreen.storyboard; sourceTree = "<group>"; };
		93F5C610209A65F9000C7468 /* Info.plist */ = {isa = PBXFileReference; lastKnownFileType = text.plist.xml; path = Info.plist; sourceTree = "<group>"; };
		93F5C617209A6615000C7468 /* SectionedTableViewBinder.swift */ = {isa = PBXFileReference; lastKnownFileType = sourcecode.swift; path = SectionedTableViewBinder.swift; sourceTree = "<group>"; };
		93F5C619209A661E000C7468 /* UINibInitable.swift */ = {isa = PBXFileReference; lastKnownFileType = sourcecode.swift; path = UINibInitable.swift; sourceTree = "<group>"; };
		93F5C61B209A662B000C7468 /* ViewModelBindable.swift */ = {isa = PBXFileReference; lastKnownFileType = sourcecode.swift; path = ViewModelBindable.swift; sourceTree = "<group>"; };
		93F5C61D209A6638000C7468 /* ReuseIdentifiable.swift */ = {isa = PBXFileReference; lastKnownFileType = sourcecode.swift; path = ReuseIdentifiable.swift; sourceTree = "<group>"; };
		93F5C61F209A6734000C7468 /* UITableView+Registering.swift */ = {isa = PBXFileReference; lastKnownFileType = sourcecode.swift; path = "UITableView+Registering.swift"; sourceTree = "<group>"; };
		93F5C623209A845F000C7468 /* SecondViewController.swift */ = {isa = PBXFileReference; lastKnownFileType = sourcecode.swift; path = SecondViewController.swift; sourceTree = "<group>"; };
/* End PBXFileReference section */

/* Begin PBXFrameworksBuildPhase section */
		93F5C5FE209A65F6000C7468 /* Frameworks */ = {
			isa = PBXFrameworksBuildPhase;
			buildActionMask = 2147483647;
			files = (
				5E0AC8F3B7117688E3775840 /* Pods_TableViewBinder.framework in Frameworks */,
			);
			runOnlyForDeploymentPostprocessing = 0;
		};
/* End PBXFrameworksBuildPhase section */

/* Begin PBXGroup section */
		4B502F1DBCB2510F7E55B3AC /* Pods */ = {
			isa = PBXGroup;
			children = (
				48684EEBA3CD67FE3A1BE636 /* Pods-TableViewBinder.debug.xcconfig */,
				65767C36D6135B6B36E9BEA2 /* Pods-TableViewBinder.release.xcconfig */,
			);
			name = Pods;
			sourceTree = "<group>";
		};
		9355B8FF20AFAEBF008B0DFB /* Protocols */ = {
			isa = PBXGroup;
			children = (
				93F5C61D209A6638000C7468 /* ReuseIdentifiable.swift */,
				93F5C61B209A662B000C7468 /* ViewModelBindable.swift */,
				93F5C619209A661E000C7468 /* UINibInitable.swift */,
			);
			path = Protocols;
			sourceTree = "<group>";
		};
		9355B90020AFAEE7008B0DFB /* TableView */ = {
			isa = PBXGroup;
			children = (
				93F5C61F209A6734000C7468 /* UITableView+Registering.swift */,
				93F5C617209A6615000C7468 /* SectionedTableViewBinder.swift */,
				9355B90320AFAFAD008B0DFB /* SingleSectionTableViewBindResult.swift */,
				9355B90120AFAF18008B0DFB /* MultiSectionTableViewBindResult.swift */,
				933252BC20B090020021024D /* _TableViewDataSourceDelegate.swift */,
			);
			path = TableView;
			sourceTree = "<group>";
		};
		93F5C5F8209A65F6000C7468 = {
			isa = PBXGroup;
			children = (
				93F5C603209A65F6000C7468 /* TableViewBinder */,
				93F5C602209A65F6000C7468 /* Products */,
				4B502F1DBCB2510F7E55B3AC /* Pods */,
				D1CE528A8C99942951400CA4 /* Frameworks */,
			);
			sourceTree = "<group>";
		};
		93F5C602209A65F6000C7468 /* Products */ = {
			isa = PBXGroup;
			children = (
				93F5C601209A65F6000C7468 /* TableViewBinder.app */,
			);
			name = Products;
			sourceTree = "<group>";
		};
		93F5C603209A65F6000C7468 /* TableViewBinder */ = {
			isa = PBXGroup;
			children = (
				93F5C604209A65F6000C7468 /* AppDelegate.swift */,
				93F5C606209A65F6000C7468 /* ViewController.swift */,
				93F5C623209A845F000C7468 /* SecondViewController.swift */,
				938132C420B50FD200CBF8F6 /* TableViewCell.swift */,
				938132C620B5138500CBF8F6 /* TableViewCell.xib */,
				93F5C616209A6603000C7468 /* TableViewBinder */,
				93F5C608209A65F6000C7468 /* Main.storyboard */,
				93F5C60B209A65F9000C7468 /* Assets.xcassets */,
				93F5C60D209A65F9000C7468 /* LaunchScreen.storyboard */,
				93F5C610209A65F9000C7468 /* Info.plist */,
			);
			path = TableViewBinder;
			sourceTree = "<group>";
		};
		93F5C616209A6603000C7468 /* TableViewBinder */ = {
			isa = PBXGroup;
			children = (
				9355B90020AFAEE7008B0DFB /* TableView */,
				9355B8FF20AFAEBF008B0DFB /* Protocols */,
			);
			path = TableViewBinder;
			sourceTree = "<group>";
		};
		D1CE528A8C99942951400CA4 /* Frameworks */ = {
			isa = PBXGroup;
			children = (
				54D7633EBE7AEA766E3A7FC0 /* Pods_TableViewBinder.framework */,
			);
			name = Frameworks;
			sourceTree = "<group>";
		};
/* End PBXGroup section */

/* Begin PBXNativeTarget section */
		93F5C600209A65F6000C7468 /* TableViewBinder */ = {
			isa = PBXNativeTarget;
			buildConfigurationList = 93F5C613209A65F9000C7468 /* Build configuration list for PBXNativeTarget "TableViewBinder" */;
			buildPhases = (
				E4419ABCD001D909F21D942A /* [CP] Check Pods Manifest.lock */,
				93F5C5FD209A65F6000C7468 /* Sources */,
				93F5C5FE209A65F6000C7468 /* Frameworks */,
				93F5C5FF209A65F6000C7468 /* Resources */,
				3B8956A382DC15222A107FEF /* [CP] Embed Pods Frameworks */,
				640CE4906AE6D6B404633BAC /* [CP] Copy Pods Resources */,
			);
			buildRules = (
			);
			dependencies = (
			);
			name = TableViewBinder;
			productName = TableViewBinder;
			productReference = 93F5C601209A65F6000C7468 /* TableViewBinder.app */;
			productType = "com.apple.product-type.application";
		};
/* End PBXNativeTarget section */

/* Begin PBXProject section */
		93F5C5F9209A65F6000C7468 /* Project object */ = {
			isa = PBXProject;
			attributes = {
				LastSwiftUpdateCheck = 0930;
				LastUpgradeCheck = 0930;
				ORGANIZATIONNAME = "Aaron Bosnjak";
				TargetAttributes = {
					93F5C600209A65F6000C7468 = {
						CreatedOnToolsVersion = 9.3;
					};
				};
			};
			buildConfigurationList = 93F5C5FC209A65F6000C7468 /* Build configuration list for PBXProject "TableViewBinder" */;
			compatibilityVersion = "Xcode 9.3";
			developmentRegion = en;
			hasScannedForEncodings = 0;
			knownRegions = (
				en,
				Base,
			);
			mainGroup = 93F5C5F8209A65F6000C7468;
			productRefGroup = 93F5C602209A65F6000C7468 /* Products */;
			projectDirPath = "";
			projectRoot = "";
			targets = (
				93F5C600209A65F6000C7468 /* TableViewBinder */,
			);
		};
/* End PBXProject section */

/* Begin PBXResourcesBuildPhase section */
		93F5C5FF209A65F6000C7468 /* Resources */ = {
			isa = PBXResourcesBuildPhase;
			buildActionMask = 2147483647;
			files = (
				93F5C60F209A65F9000C7468 /* LaunchScreen.storyboard in Resources */,
				938132C720B5138500CBF8F6 /* TableViewCell.xib in Resources */,
				93F5C60C209A65F9000C7468 /* Assets.xcassets in Resources */,
				93F5C60A209A65F6000C7468 /* Main.storyboard in Resources */,
			);
			runOnlyForDeploymentPostprocessing = 0;
		};
/* End PBXResourcesBuildPhase section */

/* Begin PBXShellScriptBuildPhase section */
		3B8956A382DC15222A107FEF /* [CP] Embed Pods Frameworks */ = {
			isa = PBXShellScriptBuildPhase;
			buildActionMask = 2147483647;
			files = (
			);
			inputPaths = (
				"${SRCROOT}/Pods/Target Support Files/Pods-TableViewBinder/Pods-TableViewBinder-frameworks.sh",
				"${BUILT_PRODUCTS_DIR}/RxCocoa/RxCocoa.framework",
				"${BUILT_PRODUCTS_DIR}/RxSwift/RxSwift.framework",
			);
			name = "[CP] Embed Pods Frameworks";
			outputPaths = (
				"${TARGET_BUILD_DIR}/${FRAMEWORKS_FOLDER_PATH}/RxCocoa.framework",
				"${TARGET_BUILD_DIR}/${FRAMEWORKS_FOLDER_PATH}/RxSwift.framework",
			);
			runOnlyForDeploymentPostprocessing = 0;
			shellPath = /bin/sh;
			shellScript = "\"${SRCROOT}/Pods/Target Support Files/Pods-TableViewBinder/Pods-TableViewBinder-frameworks.sh\"\n";
			showEnvVarsInLog = 0;
		};
		640CE4906AE6D6B404633BAC /* [CP] Copy Pods Resources */ = {
			isa = PBXShellScriptBuildPhase;
			buildActionMask = 2147483647;
			files = (
			);
			inputPaths = (
			);
			name = "[CP] Copy Pods Resources";
			outputPaths = (
			);
			runOnlyForDeploymentPostprocessing = 0;
			shellPath = /bin/sh;
			shellScript = "\"${SRCROOT}/Pods/Target Support Files/Pods-TableViewBinder/Pods-TableViewBinder-resources.sh\"\n";
			showEnvVarsInLog = 0;
		};
		E4419ABCD001D909F21D942A /* [CP] Check Pods Manifest.lock */ = {
			isa = PBXShellScriptBuildPhase;
			buildActionMask = 2147483647;
			files = (
			);
			inputPaths = (
				"${PODS_PODFILE_DIR_PATH}/Podfile.lock",
				"${PODS_ROOT}/Manifest.lock",
			);
			name = "[CP] Check Pods Manifest.lock";
			outputPaths = (
				"$(DERIVED_FILE_DIR)/Pods-TableViewBinder-checkManifestLockResult.txt",
			);
			runOnlyForDeploymentPostprocessing = 0;
			shellPath = /bin/sh;
			shellScript = "diff \"${PODS_PODFILE_DIR_PATH}/Podfile.lock\" \"${PODS_ROOT}/Manifest.lock\" > /dev/null\nif [ $? != 0 ] ; then\n    # print error to STDERR\n    echo \"error: The sandbox is not in sync with the Podfile.lock. Run 'pod install' or update your CocoaPods installation.\" >&2\n    exit 1\nfi\n# This output is used by Xcode 'outputs' to avoid re-running this script phase.\necho \"SUCCESS\" > \"${SCRIPT_OUTPUT_FILE_0}\"\n";
			showEnvVarsInLog = 0;
		};
/* End PBXShellScriptBuildPhase section */

/* Begin PBXSourcesBuildPhase section */
		93F5C5FD209A65F6000C7468 /* Sources */ = {
			isa = PBXSourcesBuildPhase;
			buildActionMask = 2147483647;
			files = (
				93F5C624209A845F000C7468 /* SecondViewController.swift in Sources */,
				933252BD20B090020021024D /* _TableViewDataSourceDelegate.swift in Sources */,
				93F5C607209A65F6000C7468 /* ViewController.swift in Sources */,
				93F5C620209A6734000C7468 /* UITableView+Registering.swift in Sources */,
				9355B90420AFAFAD008B0DFB /* SingleSectionTableViewBindResult.swift in Sources */,
				93F5C61A209A661E000C7468 /* UINibInitable.swift in Sources */,
				93F5C605209A65F6000C7468 /* AppDelegate.swift in Sources */,
				93F5C618209A6615000C7468 /* SectionedTableViewBinder.swift in Sources */,
				93F5C61E209A6638000C7468 /* ReuseIdentifiable.swift in Sources */,
				938132C520B50FD200CBF8F6 /* TableViewCell.swift in Sources */,
				9355B90220AFAF18008B0DFB /* MultiSectionTableViewBindResult.swift in Sources */,
				93F5C61C209A662B000C7468 /* ViewModelBindable.swift in Sources */,
			);
			runOnlyForDeploymentPostprocessing = 0;
		};
/* End PBXSourcesBuildPhase section */

/* Begin PBXVariantGroup section */
		93F5C608209A65F6000C7468 /* Main.storyboard */ = {
			isa = PBXVariantGroup;
			children = (
				93F5C609209A65F6000C7468 /* Base */,
			);
			name = Main.storyboard;
			sourceTree = "<group>";
		};
		93F5C60D209A65F9000C7468 /* LaunchScreen.storyboard */ = {
			isa = PBXVariantGroup;
			children = (
				93F5C60E209A65F9000C7468 /* Base */,
			);
			name = LaunchScreen.storyboard;
			sourceTree = "<group>";
		};
/* End PBXVariantGroup section */

/* Begin XCBuildConfiguration section */
		93F5C611209A65F9000C7468 /* Debug */ = {
			isa = XCBuildConfiguration;
			buildSettings = {
				ALWAYS_SEARCH_USER_PATHS = NO;
				CLANG_ANALYZER_NONNULL = YES;
				CLANG_ANALYZER_NUMBER_OBJECT_CONVERSION = YES_AGGRESSIVE;
				CLANG_CXX_LANGUAGE_STANDARD = "gnu++14";
				CLANG_CXX_LIBRARY = "libc++";
				CLANG_ENABLE_MODULES = YES;
				CLANG_ENABLE_OBJC_ARC = YES;
				CLANG_ENABLE_OBJC_WEAK = YES;
				CLANG_WARN_BLOCK_CAPTURE_AUTORELEASING = YES;
				CLANG_WARN_BOOL_CONVERSION = YES;
				CLANG_WARN_COMMA = YES;
				CLANG_WARN_CONSTANT_CONVERSION = YES;
				CLANG_WARN_DEPRECATED_OBJC_IMPLEMENTATIONS = YES;
				CLANG_WARN_DIRECT_OBJC_ISA_USAGE = YES_ERROR;
				CLANG_WARN_DOCUMENTATION_COMMENTS = YES;
				CLANG_WARN_EMPTY_BODY = YES;
				CLANG_WARN_ENUM_CONVERSION = YES;
				CLANG_WARN_INFINITE_RECURSION = YES;
				CLANG_WARN_INT_CONVERSION = YES;
				CLANG_WARN_NON_LITERAL_NULL_CONVERSION = YES;
				CLANG_WARN_OBJC_IMPLICIT_RETAIN_SELF = YES;
				CLANG_WARN_OBJC_LITERAL_CONVERSION = YES;
				CLANG_WARN_OBJC_ROOT_CLASS = YES_ERROR;
				CLANG_WARN_RANGE_LOOP_ANALYSIS = YES;
				CLANG_WARN_STRICT_PROTOTYPES = YES;
				CLANG_WARN_SUSPICIOUS_MOVE = YES;
				CLANG_WARN_UNGUARDED_AVAILABILITY = YES_AGGRESSIVE;
				CLANG_WARN_UNREACHABLE_CODE = YES;
				CLANG_WARN__DUPLICATE_METHOD_MATCH = YES;
				CODE_SIGN_IDENTITY = "iPhone Developer";
				COPY_PHASE_STRIP = NO;
				DEBUG_INFORMATION_FORMAT = dwarf;
				ENABLE_STRICT_OBJC_MSGSEND = YES;
				ENABLE_TESTABILITY = YES;
				GCC_C_LANGUAGE_STANDARD = gnu11;
				GCC_DYNAMIC_NO_PIC = NO;
				GCC_NO_COMMON_BLOCKS = YES;
				GCC_OPTIMIZATION_LEVEL = 0;
				GCC_PREPROCESSOR_DEFINITIONS = (
					"DEBUG=1",
					"$(inherited)",
				);
				GCC_WARN_64_TO_32_BIT_CONVERSION = YES;
				GCC_WARN_ABOUT_RETURN_TYPE = YES_ERROR;
				GCC_WARN_UNDECLARED_SELECTOR = YES;
				GCC_WARN_UNINITIALIZED_AUTOS = YES_AGGRESSIVE;
				GCC_WARN_UNUSED_FUNCTION = YES;
				GCC_WARN_UNUSED_VARIABLE = YES;
				IPHONEOS_DEPLOYMENT_TARGET = 11.3;
				MTL_ENABLE_DEBUG_INFO = YES;
				ONLY_ACTIVE_ARCH = YES;
				SDKROOT = iphoneos;
				SWIFT_ACTIVE_COMPILATION_CONDITIONS = DEBUG;
				SWIFT_OPTIMIZATION_LEVEL = "-Onone";
			};
			name = Debug;
		};
		93F5C612209A65F9000C7468 /* Release */ = {
			isa = XCBuildConfiguration;
			buildSettings = {
				ALWAYS_SEARCH_USER_PATHS = NO;
				CLANG_ANALYZER_NONNULL = YES;
				CLANG_ANALYZER_NUMBER_OBJECT_CONVERSION = YES_AGGRESSIVE;
				CLANG_CXX_LANGUAGE_STANDARD = "gnu++14";
				CLANG_CXX_LIBRARY = "libc++";
				CLANG_ENABLE_MODULES = YES;
				CLANG_ENABLE_OBJC_ARC = YES;
				CLANG_ENABLE_OBJC_WEAK = YES;
				CLANG_WARN_BLOCK_CAPTURE_AUTORELEASING = YES;
				CLANG_WARN_BOOL_CONVERSION = YES;
				CLANG_WARN_COMMA = YES;
				CLANG_WARN_CONSTANT_CONVERSION = YES;
				CLANG_WARN_DEPRECATED_OBJC_IMPLEMENTATIONS = YES;
				CLANG_WARN_DIRECT_OBJC_ISA_USAGE = YES_ERROR;
				CLANG_WARN_DOCUMENTATION_COMMENTS = YES;
				CLANG_WARN_EMPTY_BODY = YES;
				CLANG_WARN_ENUM_CONVERSION = YES;
				CLANG_WARN_INFINITE_RECURSION = YES;
				CLANG_WARN_INT_CONVERSION = YES;
				CLANG_WARN_NON_LITERAL_NULL_CONVERSION = YES;
				CLANG_WARN_OBJC_IMPLICIT_RETAIN_SELF = YES;
				CLANG_WARN_OBJC_LITERAL_CONVERSION = YES;
				CLANG_WARN_OBJC_ROOT_CLASS = YES_ERROR;
				CLANG_WARN_RANGE_LOOP_ANALYSIS = YES;
				CLANG_WARN_STRICT_PROTOTYPES = YES;
				CLANG_WARN_SUSPICIOUS_MOVE = YES;
				CLANG_WARN_UNGUARDED_AVAILABILITY = YES_AGGRESSIVE;
				CLANG_WARN_UNREACHABLE_CODE = YES;
				CLANG_WARN__DUPLICATE_METHOD_MATCH = YES;
				CODE_SIGN_IDENTITY = "iPhone Developer";
				COPY_PHASE_STRIP = NO;
				DEBUG_INFORMATION_FORMAT = "dwarf-with-dsym";
				ENABLE_NS_ASSERTIONS = NO;
				ENABLE_STRICT_OBJC_MSGSEND = YES;
				GCC_C_LANGUAGE_STANDARD = gnu11;
				GCC_NO_COMMON_BLOCKS = YES;
				GCC_WARN_64_TO_32_BIT_CONVERSION = YES;
				GCC_WARN_ABOUT_RETURN_TYPE = YES_ERROR;
				GCC_WARN_UNDECLARED_SELECTOR = YES;
				GCC_WARN_UNINITIALIZED_AUTOS = YES_AGGRESSIVE;
				GCC_WARN_UNUSED_FUNCTION = YES;
				GCC_WARN_UNUSED_VARIABLE = YES;
				IPHONEOS_DEPLOYMENT_TARGET = 11.3;
				MTL_ENABLE_DEBUG_INFO = NO;
				SDKROOT = iphoneos;
				SWIFT_COMPILATION_MODE = wholemodule;
				SWIFT_OPTIMIZATION_LEVEL = "-O";
				VALIDATE_PRODUCT = YES;
			};
			name = Release;
		};
		93F5C614209A65F9000C7468 /* Debug */ = {
			isa = XCBuildConfiguration;
			baseConfigurationReference = 48684EEBA3CD67FE3A1BE636 /* Pods-TableViewBinder.debug.xcconfig */;
			buildSettings = {
				ASSETCATALOG_COMPILER_APPICON_NAME = AppIcon;
				CODE_SIGN_STYLE = Automatic;
				DEVELOPMENT_TEAM = HE8Y2NA5B5;
				INFOPLIST_FILE = TableViewBinder/Info.plist;
				LD_RUNPATH_SEARCH_PATHS = (
					"$(inherited)",
					"@executable_path/Frameworks",
				);
				PRODUCT_BUNDLE_IDENTIFIER = com.AaronBosnjak.TableViewBinder;
				PRODUCT_NAME = "$(TARGET_NAME)";
				SWIFT_OPTIMIZATION_LEVEL = "-Onone";
				SWIFT_VERSION = 4.0;
				TARGETED_DEVICE_FAMILY = "1,2";
			};
			name = Debug;
		};
		93F5C615209A65F9000C7468 /* Release */ = {
			isa = XCBuildConfiguration;
			baseConfigurationReference = 65767C36D6135B6B36E9BEA2 /* Pods-TableViewBinder.release.xcconfig */;
			buildSettings = {
				ASSETCATALOG_COMPILER_APPICON_NAME = AppIcon;
				CODE_SIGN_STYLE = Automatic;
				DEVELOPMENT_TEAM = HE8Y2NA5B5;
				INFOPLIST_FILE = TableViewBinder/Info.plist;
				LD_RUNPATH_SEARCH_PATHS = (
					"$(inherited)",
					"@executable_path/Frameworks",
				);
				PRODUCT_BUNDLE_IDENTIFIER = com.AaronBosnjak.TableViewBinder;
				PRODUCT_NAME = "$(TARGET_NAME)";
				SWIFT_VERSION = 4.0;
				TARGETED_DEVICE_FAMILY = "1,2";
			};
			name = Release;
		};
/* End XCBuildConfiguration section */

/* Begin XCConfigurationList section */
		93F5C5FC209A65F6000C7468 /* Build configuration list for PBXProject "TableViewBinder" */ = {
			isa = XCConfigurationList;
			buildConfigurations = (
				93F5C611209A65F9000C7468 /* Debug */,
				93F5C612209A65F9000C7468 /* Release */,
			);
			defaultConfigurationIsVisible = 0;
			defaultConfigurationName = Release;
		};
		93F5C613209A65F9000C7468 /* Build configuration list for PBXNativeTarget "TableViewBinder" */ = {
			isa = XCConfigurationList;
			buildConfigurations = (
				93F5C614209A65F9000C7468 /* Debug */,
				93F5C615209A65F9000C7468 /* Release */,
			);
			defaultConfigurationIsVisible = 0;
			defaultConfigurationName = Release;
		};
/* End XCConfigurationList section */
	};
	rootObject = 93F5C5F9209A65F6000C7468 /* Project object */;
}
