// !$*UTF8*$!
{
	archiveVersion = 1;
	classes = {
	};
	objectVersion = 51;
	objects = {

/* Begin PBXBuildFile section */
		6E2CB900CB0503EB7AE1EAC3 /* Pods_BraidExampleTests.framework in Frameworks */ = {isa = PBXBuildFile; fileRef = FE17F9A4879165AF43849970 /* Pods_BraidExampleTests.framework */; };
		938132D820B6463000CBF8F6 /* AppDelegate.swift in Sources */ = {isa = PBXBuildFile; fileRef = 938132D720B6463000CBF8F6 /* AppDelegate.swift */; };
		938132DA20B6463000CBF8F6 /* AccountsViewController.swift in Sources */ = {isa = PBXBuildFile; fileRef = 938132D920B6463000CBF8F6 /* AccountsViewController.swift */; };
		938132DF20B6463200CBF8F6 /* Assets.xcassets in Resources */ = {isa = PBXBuildFile; fileRef = 938132DE20B6463200CBF8F6 /* Assets.xcassets */; };
		938132E220B6463200CBF8F6 /* LaunchScreen.storyboard in Resources */ = {isa = PBXBuildFile; fileRef = 938132E020B6463200CBF8F6 /* LaunchScreen.storyboard */; };
		9381335120B6EE2A00CBF8F6 /* TitleDetailTableViewCell.swift in Sources */ = {isa = PBXBuildFile; fileRef = 9381335020B6EE2A00CBF8F6 /* TitleDetailTableViewCell.swift */; };
		93C36A4820DAFF97006B7ECF /* SamplesViewController.swift in Sources */ = {isa = PBXBuildFile; fileRef = 93C36A4720DAFF97006B7ECF /* SamplesViewController.swift */; };
		93C36A4A20DB02E0006B7ECF /* TitleDetailTableViewCell.xib in Resources */ = {isa = PBXBuildFile; fileRef = 93C36A4920DB02E0006B7ECF /* TitleDetailTableViewCell.xib */; };
		AA8B7612901AEED60C395EB0 /* Pods_BraidExample.framework in Frameworks */ = {isa = PBXBuildFile; fileRef = B5FEBC5088F0D7E30632BBD0 /* Pods_BraidExample.framework */; };
		AB05A86C2223B31B00C9C3E3 /* Models.swift in Sources */ = {isa = PBXBuildFile; fileRef = AB05A86B2223B31B00C9C3E3 /* Models.swift */; };
		AB05A86E2224FEA800C9C3E3 /* MockUpdateDelegate.swift in Sources */ = {isa = PBXBuildFile; fileRef = AB05A86D2224FEA800C9C3E3 /* MockUpdateDelegate.swift */; };
		AB18253121E5254E004FE239 /* TableDisplayBehaviorTests.swift in Sources */ = {isa = PBXBuildFile; fileRef = AB18253021E5254E004FE239 /* TableDisplayBehaviorTests.swift */; };
		AB1CCB9E21D8391A00EB1CDE /* TableHeaderFooterTests.swift in Sources */ = {isa = PBXBuildFile; fileRef = AB1CCB9D21D8391A00EB1CDE /* TableHeaderFooterTests.swift */; };
		AB577B9C21759F6C00CD2363 /* AccountService.swift in Sources */ = {isa = PBXBuildFile; fileRef = AB577B9B21759F6C00CD2363 /* AccountService.swift */; };
		AB577B9F2175A6EE00CD2363 /* CenterLabelTableViewCell.swift in Sources */ = {isa = PBXBuildFile; fileRef = AB577B9E2175A6EE00CD2363 /* CenterLabelTableViewCell.swift */; };
		AB577BA2217655DD00CD2363 /* ArtistsViewController.swift in Sources */ = {isa = PBXBuildFile; fileRef = AB577BA1217655DD00CD2363 /* ArtistsViewController.swift */; };
		AB577BAA2179665400CD2363 /* HomeViewController.swift in Sources */ = {isa = PBXBuildFile; fileRef = AB577BA92179665400CD2363 /* HomeViewController.swift */; };
		AB577BAC2179838B00CD2363 /* MusicLibraryService.swift in Sources */ = {isa = PBXBuildFile; fileRef = AB577BAB2179838B00CD2363 /* MusicLibraryService.swift */; };
		AB577BC52181105500CD2363 /* HomeService.swift in Sources */ = {isa = PBXBuildFile; fileRef = AB577BC42181105500CD2363 /* HomeService.swift */; };
		AB577BCD2183D5C100CD2363 /* mock-home-response.json in Resources */ = {isa = PBXBuildFile; fileRef = AB577BCC2183D5C100CD2363 /* mock-home-response.json */; };
		AB577BD22183D7F200CD2363 /* Product.swift in Sources */ = {isa = PBXBuildFile; fileRef = AB577BD12183D7F200CD2363 /* Product.swift */; };
		AB577BD42183D8C200CD2363 /* Store.swift in Sources */ = {isa = PBXBuildFile; fileRef = AB577BD32183D8C200CD2363 /* Store.swift */; };
		AB577BD62184DC6F00CD2363 /* ImageTitleSubtitleTableViewCell.swift in Sources */ = {isa = PBXBuildFile; fileRef = AB577BD52184DC6F00CD2363 /* ImageTitleSubtitleTableViewCell.swift */; };
		AB577BDD2189769800CD2363 /* AccountDetailViewController.swift in Sources */ = {isa = PBXBuildFile; fileRef = AB577BDC2189769800CD2363 /* AccountDetailViewController.swift */; };
		AB5C715921EC6583006DC4B0 /* DatePickerTableViewCell.swift in Sources */ = {isa = PBXBuildFile; fileRef = AB5C715821EC6583006DC4B0 /* DatePickerTableViewCell.swift */; };
		AB5C715B21EC66F4006DC4B0 /* DatePickerTableViewCell.xib in Resources */ = {isa = PBXBuildFile; fileRef = AB5C715A21EC66F4006DC4B0 /* DatePickerTableViewCell.xib */; };
		AB5D696D21E95DC200386B8D /* TextFieldTableViewCell.xib in Resources */ = {isa = PBXBuildFile; fileRef = AB5D696C21E95DC200386B8D /* TextFieldTableViewCell.xib */; };
		AB5D696F21E95DD200386B8D /* TextViewTableViewCell.xib in Resources */ = {isa = PBXBuildFile; fileRef = AB5D696E21E95DD200386B8D /* TextViewTableViewCell.xib */; };
		AB7CA64F229F51D500371408 /* RxTitleDetailTableViewCell.swift in Sources */ = {isa = PBXBuildFile; fileRef = AB7CA64E229F51D500371408 /* RxTitleDetailTableViewCell.swift */; };
		AB7CA651229F545F00371408 /* RxTitleDetailTableViewCell.xib in Resources */ = {isa = PBXBuildFile; fileRef = AB7CA650229F545F00371408 /* RxTitleDetailTableViewCell.xib */; };
		AB7CA66522A09AC700371408 /* SimpleFormViewController.swift in Sources */ = {isa = PBXBuildFile; fileRef = AB7CA66422A09AC700371408 /* SimpleFormViewController.swift */; };
		AB86C3BF2141718C00FA4945 /* SectionHeaderView.swift in Sources */ = {isa = PBXBuildFile; fileRef = AB86C3BE2141718C00FA4945 /* SectionHeaderView.swift */; };
		AB922ADB229E03BF000207A3 /* TableCellEditingMovingTests.swift in Sources */ = {isa = PBXBuildFile; fileRef = AB922ADA229E03BF000207A3 /* TableCellEditingMovingTests.swift */; };
		ABA89D5B21EEC07000033093 /* README.md in Resources */ = {isa = PBXBuildFile; fileRef = ABA89D5A21EEC07000033093 /* README.md */; };
		ABB46A1521F2ACC6009A00A2 /* FormItem.swift in Sources */ = {isa = PBXBuildFile; fileRef = ABB46A1421F2ACC6009A00A2 /* FormItem.swift */; };
		ABC1AD1921E6BE2400BAC644 /* ToggleTableViewCell.swift in Sources */ = {isa = PBXBuildFile; fileRef = ABC1AD1821E6BE2400BAC644 /* ToggleTableViewCell.swift */; };
		ABC1AD1B21E6BE7E00BAC644 /* ToggleTableViewCell.xib in Resources */ = {isa = PBXBuildFile; fileRef = ABC1AD1A21E6BE7D00BAC644 /* ToggleTableViewCell.xib */; };
		ABC1AD1E21E6BF5200BAC644 /* FormViewController.swift in Sources */ = {isa = PBXBuildFile; fileRef = ABC1AD1D21E6BF5200BAC644 /* FormViewController.swift */; };
		ABC1AD2121E7269500BAC644 /* TextFieldTableViewCell.swift in Sources */ = {isa = PBXBuildFile; fileRef = ABC1AD2021E7269500BAC644 /* TextFieldTableViewCell.swift */; };
		ABC1AD2321E811B100BAC644 /* TextViewTableViewCell.swift in Sources */ = {isa = PBXBuildFile; fileRef = ABC1AD2221E811B100BAC644 /* TextViewTableViewCell.swift */; };
		ABE0F35921AE3F7F0098950D /* ImageTitleSubtitleTableViewCell.xib in Resources */ = {isa = PBXBuildFile; fileRef = ABE0F35821AE3F7F0098950D /* ImageTitleSubtitleTableViewCell.xib */; };
		ABE0F35F21B49DD90098950D /* NewsFeedViewController.swift in Sources */ = {isa = PBXBuildFile; fileRef = ABE0F35E21B49DD90098950D /* NewsFeedViewController.swift */; };
		ABE0F36121B4AA830098950D /* NewsFeedService.swift in Sources */ = {isa = PBXBuildFile; fileRef = ABE0F36021B4AA830098950D /* NewsFeedService.swift */; };
		ABE0F36321B4AB2D0098950D /* news-items.json in Resources */ = {isa = PBXBuildFile; fileRef = ABE0F36221B4AB2D0098950D /* news-items.json */; };
		ABE0F36B21BE20380098950D /* TableDimensionTests.swift in Sources */ = {isa = PBXBuildFile; fileRef = ABE0F36A21BE20380098950D /* TableDimensionTests.swift */; };
		ABE0F37521BE24F30098950D /* Cells.swift in Sources */ = {isa = PBXBuildFile; fileRef = ABE0F37421BE24F30098950D /* Cells.swift */; };
		ABE0F37A21BE282A0098950D /* TableTestCase.swift in Sources */ = {isa = PBXBuildFile; fileRef = ABE0F37921BE282A0098950D /* TableTestCase.swift */; };
		ABE0F37C21BE30730098950D /* TableCellBindingMethodTests.swift in Sources */ = {isa = PBXBuildFile; fileRef = ABE0F37B21BE30730098950D /* TableCellBindingMethodTests.swift */; };
		ABE838FF2283EAC40008A5B7 /* AttendeesViewController.swift in Sources */ = {isa = PBXBuildFile; fileRef = ABE838FE2283EAC30008A5B7 /* AttendeesViewController.swift */; };
/* End PBXBuildFile section */

/* Begin PBXContainerItemProxy section */
		ABE0F36D21BE20380098950D /* PBXContainerItemProxy */ = {
			isa = PBXContainerItemProxy;
			containerPortal = 938132CC20B6463000CBF8F6 /* Project object */;
			proxyType = 1;
			remoteGlobalIDString = 938132D320B6463000CBF8F6;
			remoteInfo = BraidExample;
		};
/* End PBXContainerItemProxy section */

/* Begin PBXCopyFilesBuildPhase section */
		9381330C20B6486400CBF8F6 /* Embed Frameworks */ = {
			isa = PBXCopyFilesBuildPhase;
			buildActionMask = 2147483647;
			dstPath = "";
			dstSubfolderSpec = 10;
			files = (
			);
			name = "Embed Frameworks";
			runOnlyForDeploymentPostprocessing = 0;
		};
/* End PBXCopyFilesBuildPhase section */

/* Begin PBXFileReference section */
		1386F8CF294C675AF9810979 /* Pods-BraidExample.debug.xcconfig */ = {isa = PBXFileReference; includeInIndex = 1; lastKnownFileType = text.xcconfig; name = "Pods-BraidExample.debug.xcconfig"; path = "Pods/Target Support Files/Pods-BraidExample/Pods-BraidExample.debug.xcconfig"; sourceTree = "<group>"; };
		55D765C5FB109FA81BDD1D5A /* Pods-BraidExampleTests.release.xcconfig */ = {isa = PBXFileReference; includeInIndex = 1; lastKnownFileType = text.xcconfig; name = "Pods-BraidExampleTests.release.xcconfig"; path = "Pods/Target Support Files/Pods-BraidExampleTests/Pods-BraidExampleTests.release.xcconfig"; sourceTree = "<group>"; };
		5AADC7CBA1D7A7674CACFA20 /* Pods-BraidExampleTests.debug.xcconfig */ = {isa = PBXFileReference; includeInIndex = 1; lastKnownFileType = text.xcconfig; name = "Pods-BraidExampleTests.debug.xcconfig"; path = "Pods/Target Support Files/Pods-BraidExampleTests/Pods-BraidExampleTests.debug.xcconfig"; sourceTree = "<group>"; };
		6905CEA7EB85FC4B10F150DF /* Pods-BraidExample.release.xcconfig */ = {isa = PBXFileReference; includeInIndex = 1; lastKnownFileType = text.xcconfig; name = "Pods-BraidExample.release.xcconfig"; path = "Pods/Target Support Files/Pods-BraidExample/Pods-BraidExample.release.xcconfig"; sourceTree = "<group>"; };
		938132D420B6463000CBF8F6 /* BraidExample.app */ = {isa = PBXFileReference; explicitFileType = wrapper.application; includeInIndex = 0; path = BraidExample.app; sourceTree = BUILT_PRODUCTS_DIR; };
		938132D720B6463000CBF8F6 /* AppDelegate.swift */ = {isa = PBXFileReference; lastKnownFileType = sourcecode.swift; path = AppDelegate.swift; sourceTree = "<group>"; };
		938132D920B6463000CBF8F6 /* AccountsViewController.swift */ = {isa = PBXFileReference; lastKnownFileType = sourcecode.swift; path = AccountsViewController.swift; sourceTree = "<group>"; };
		938132DE20B6463200CBF8F6 /* Assets.xcassets */ = {isa = PBXFileReference; lastKnownFileType = folder.assetcatalog; path = Assets.xcassets; sourceTree = "<group>"; };
		938132E120B6463200CBF8F6 /* Base */ = {isa = PBXFileReference; lastKnownFileType = file.storyboard; name = Base; path = Base.lproj/LaunchScreen.storyboard; sourceTree = "<group>"; };
		938132E320B6463200CBF8F6 /* Info.plist */ = {isa = PBXFileReference; lastKnownFileType = text.plist.xml; path = Info.plist; sourceTree = "<group>"; };
		9381335020B6EE2A00CBF8F6 /* TitleDetailTableViewCell.swift */ = {isa = PBXFileReference; lastKnownFileType = sourcecode.swift; path = TitleDetailTableViewCell.swift; sourceTree = "<group>"; };
		93C36A4720DAFF97006B7ECF /* SamplesViewController.swift */ = {isa = PBXFileReference; lastKnownFileType = sourcecode.swift; path = SamplesViewController.swift; sourceTree = "<group>"; };
		93C36A4920DB02E0006B7ECF /* TitleDetailTableViewCell.xib */ = {isa = PBXFileReference; lastKnownFileType = file.xib; path = TitleDetailTableViewCell.xib; sourceTree = "<group>"; };
		AB05A86B2223B31B00C9C3E3 /* Models.swift */ = {isa = PBXFileReference; lastKnownFileType = sourcecode.swift; path = Models.swift; sourceTree = "<group>"; };
		AB05A86D2224FEA800C9C3E3 /* MockUpdateDelegate.swift */ = {isa = PBXFileReference; lastKnownFileType = sourcecode.swift; path = MockUpdateDelegate.swift; sourceTree = "<group>"; };
		AB18253021E5254E004FE239 /* TableDisplayBehaviorTests.swift */ = {isa = PBXFileReference; lastKnownFileType = sourcecode.swift; path = TableDisplayBehaviorTests.swift; sourceTree = "<group>"; };
		AB1CCB9D21D8391A00EB1CDE /* TableHeaderFooterTests.swift */ = {isa = PBXFileReference; lastKnownFileType = sourcecode.swift; path = TableHeaderFooterTests.swift; sourceTree = "<group>"; };
		AB577B9B21759F6C00CD2363 /* AccountService.swift */ = {isa = PBXFileReference; lastKnownFileType = sourcecode.swift; path = AccountService.swift; sourceTree = "<group>"; };
		AB577B9E2175A6EE00CD2363 /* CenterLabelTableViewCell.swift */ = {isa = PBXFileReference; lastKnownFileType = sourcecode.swift; path = CenterLabelTableViewCell.swift; sourceTree = "<group>"; };
		AB577BA1217655DD00CD2363 /* ArtistsViewController.swift */ = {isa = PBXFileReference; lastKnownFileType = sourcecode.swift; path = ArtistsViewController.swift; sourceTree = "<group>"; };
		AB577BA92179665400CD2363 /* HomeViewController.swift */ = {isa = PBXFileReference; lastKnownFileType = sourcecode.swift; path = HomeViewController.swift; sourceTree = "<group>"; };
		AB577BAB2179838B00CD2363 /* MusicLibraryService.swift */ = {isa = PBXFileReference; lastKnownFileType = sourcecode.swift; path = MusicLibraryService.swift; sourceTree = "<group>"; };
		AB577BC42181105500CD2363 /* HomeService.swift */ = {isa = PBXFileReference; lastKnownFileType = sourcecode.swift; path = HomeService.swift; sourceTree = "<group>"; };
		AB577BCC2183D5C100CD2363 /* mock-home-response.json */ = {isa = PBXFileReference; lastKnownFileType = text.json; path = "mock-home-response.json"; sourceTree = "<group>"; };
		AB577BCE2183D64700CD2363 /* README.md */ = {isa = PBXFileReference; lastKnownFileType = net.daringfireball.markdown; path = README.md; sourceTree = "<group>"; };
		AB577BCF2183D6F800CD2363 /* README.md */ = {isa = PBXFileReference; lastKnownFileType = net.daringfireball.markdown; path = README.md; sourceTree = "<group>"; };
		AB577BD02183D70B00CD2363 /* README.md */ = {isa = PBXFileReference; lastKnownFileType = net.daringfireball.markdown; path = README.md; sourceTree = "<group>"; };
		AB577BD12183D7F200CD2363 /* Product.swift */ = {isa = PBXFileReference; lastKnownFileType = sourcecode.swift; path = Product.swift; sourceTree = "<group>"; };
		AB577BD32183D8C200CD2363 /* Store.swift */ = {isa = PBXFileReference; lastKnownFileType = sourcecode.swift; path = Store.swift; sourceTree = "<group>"; };
		AB577BD52184DC6F00CD2363 /* ImageTitleSubtitleTableViewCell.swift */ = {isa = PBXFileReference; lastKnownFileType = sourcecode.swift; path = ImageTitleSubtitleTableViewCell.swift; sourceTree = "<group>"; };
		AB577BDB2187CC2100CD2363 /* README.md */ = {isa = PBXFileReference; lastKnownFileType = net.daringfireball.markdown; path = README.md; sourceTree = "<group>"; };
		AB577BDC2189769800CD2363 /* AccountDetailViewController.swift */ = {isa = PBXFileReference; lastKnownFileType = sourcecode.swift; path = AccountDetailViewController.swift; sourceTree = "<group>"; };
		AB5C715821EC6583006DC4B0 /* DatePickerTableViewCell.swift */ = {isa = PBXFileReference; lastKnownFileType = sourcecode.swift; path = DatePickerTableViewCell.swift; sourceTree = "<group>"; };
		AB5C715A21EC66F4006DC4B0 /* DatePickerTableViewCell.xib */ = {isa = PBXFileReference; lastKnownFileType = file.xib; path = DatePickerTableViewCell.xib; sourceTree = "<group>"; };
		AB5D696C21E95DC200386B8D /* TextFieldTableViewCell.xib */ = {isa = PBXFileReference; lastKnownFileType = file.xib; path = TextFieldTableViewCell.xib; sourceTree = "<group>"; };
		AB5D696E21E95DD200386B8D /* TextViewTableViewCell.xib */ = {isa = PBXFileReference; lastKnownFileType = file.xib; path = TextViewTableViewCell.xib; sourceTree = "<group>"; };
		AB7CA64E229F51D500371408 /* RxTitleDetailTableViewCell.swift */ = {isa = PBXFileReference; lastKnownFileType = sourcecode.swift; path = RxTitleDetailTableViewCell.swift; sourceTree = "<group>"; };
		AB7CA650229F545F00371408 /* RxTitleDetailTableViewCell.xib */ = {isa = PBXFileReference; fileEncoding = 4; lastKnownFileType = file.xib; path = RxTitleDetailTableViewCell.xib; sourceTree = "<group>"; };
		AB7CA66422A09AC700371408 /* SimpleFormViewController.swift */ = {isa = PBXFileReference; lastKnownFileType = sourcecode.swift; path = SimpleFormViewController.swift; sourceTree = "<group>"; };
		AB86C3BE2141718C00FA4945 /* SectionHeaderView.swift */ = {isa = PBXFileReference; lastKnownFileType = sourcecode.swift; path = SectionHeaderView.swift; sourceTree = "<group>"; };
		AB922ADA229E03BF000207A3 /* TableCellEditingMovingTests.swift */ = {isa = PBXFileReference; lastKnownFileType = sourcecode.swift; path = TableCellEditingMovingTests.swift; sourceTree = "<group>"; };
		ABA89D5A21EEC07000033093 /* README.md */ = {isa = PBXFileReference; fileEncoding = 4; lastKnownFileType = net.daringfireball.markdown; path = README.md; sourceTree = "<group>"; };
		ABB2841221F55E8C0041E84A /* README.md */ = {isa = PBXFileReference; lastKnownFileType = net.daringfireball.markdown; path = README.md; sourceTree = "<group>"; };
		ABB46A1421F2ACC6009A00A2 /* FormItem.swift */ = {isa = PBXFileReference; lastKnownFileType = sourcecode.swift; path = FormItem.swift; sourceTree = "<group>"; };
		ABC1AD1821E6BE2400BAC644 /* ToggleTableViewCell.swift */ = {isa = PBXFileReference; lastKnownFileType = sourcecode.swift; path = ToggleTableViewCell.swift; sourceTree = "<group>"; };
		ABC1AD1A21E6BE7D00BAC644 /* ToggleTableViewCell.xib */ = {isa = PBXFileReference; lastKnownFileType = file.xib; path = ToggleTableViewCell.xib; sourceTree = "<group>"; };
		ABC1AD1D21E6BF5200BAC644 /* FormViewController.swift */ = {isa = PBXFileReference; lastKnownFileType = sourcecode.swift; path = FormViewController.swift; sourceTree = "<group>"; };
		ABC1AD2021E7269500BAC644 /* TextFieldTableViewCell.swift */ = {isa = PBXFileReference; lastKnownFileType = sourcecode.swift; path = TextFieldTableViewCell.swift; sourceTree = "<group>"; };
		ABC1AD2221E811B100BAC644 /* TextViewTableViewCell.swift */ = {isa = PBXFileReference; lastKnownFileType = sourcecode.swift; path = TextViewTableViewCell.swift; sourceTree = "<group>"; };
		ABE0F35821AE3F7F0098950D /* ImageTitleSubtitleTableViewCell.xib */ = {isa = PBXFileReference; lastKnownFileType = file.xib; path = ImageTitleSubtitleTableViewCell.xib; sourceTree = "<group>"; };
		ABE0F35E21B49DD90098950D /* NewsFeedViewController.swift */ = {isa = PBXFileReference; lastKnownFileType = sourcecode.swift; path = NewsFeedViewController.swift; sourceTree = "<group>"; };
		ABE0F36021B4AA830098950D /* NewsFeedService.swift */ = {isa = PBXFileReference; lastKnownFileType = sourcecode.swift; path = NewsFeedService.swift; sourceTree = "<group>"; };
		ABE0F36221B4AB2D0098950D /* news-items.json */ = {isa = PBXFileReference; lastKnownFileType = text.json; path = "news-items.json"; sourceTree = "<group>"; };
		ABE0F36821BE20380098950D /* BraidExampleTests.xctest */ = {isa = PBXFileReference; explicitFileType = wrapper.cfbundle; includeInIndex = 0; path = BraidExampleTests.xctest; sourceTree = BUILT_PRODUCTS_DIR; };
		ABE0F36A21BE20380098950D /* TableDimensionTests.swift */ = {isa = PBXFileReference; lastKnownFileType = sourcecode.swift; path = TableDimensionTests.swift; sourceTree = "<group>"; };
		ABE0F36C21BE20380098950D /* Info.plist */ = {isa = PBXFileReference; lastKnownFileType = text.plist.xml; path = Info.plist; sourceTree = "<group>"; };
		ABE0F37421BE24F30098950D /* Cells.swift */ = {isa = PBXFileReference; lastKnownFileType = sourcecode.swift; path = Cells.swift; sourceTree = "<group>"; };
		ABE0F37921BE282A0098950D /* TableTestCase.swift */ = {isa = PBXFileReference; lastKnownFileType = sourcecode.swift; path = TableTestCase.swift; sourceTree = "<group>"; };
		ABE0F37B21BE30730098950D /* TableCellBindingMethodTests.swift */ = {isa = PBXFileReference; lastKnownFileType = sourcecode.swift; path = TableCellBindingMethodTests.swift; sourceTree = "<group>"; };
		ABE838FE2283EAC30008A5B7 /* AttendeesViewController.swift */ = {isa = PBXFileReference; fileEncoding = 4; lastKnownFileType = sourcecode.swift; path = AttendeesViewController.swift; sourceTree = "<group>"; };
		B5FEBC5088F0D7E30632BBD0 /* Pods_BraidExample.framework */ = {isa = PBXFileReference; explicitFileType = wrapper.framework; includeInIndex = 0; path = Pods_BraidExample.framework; sourceTree = BUILT_PRODUCTS_DIR; };
		FE17F9A4879165AF43849970 /* Pods_BraidExampleTests.framework */ = {isa = PBXFileReference; explicitFileType = wrapper.framework; includeInIndex = 0; path = Pods_BraidExampleTests.framework; sourceTree = BUILT_PRODUCTS_DIR; };
/* End PBXFileReference section */

/* Begin PBXFrameworksBuildPhase section */
		938132D120B6463000CBF8F6 /* Frameworks */ = {
			isa = PBXFrameworksBuildPhase;
			buildActionMask = 2147483647;
			files = (
				AA8B7612901AEED60C395EB0 /* Pods_BraidExample.framework in Frameworks */,
			);
			runOnlyForDeploymentPostprocessing = 0;
		};
		ABE0F36521BE20380098950D /* Frameworks */ = {
			isa = PBXFrameworksBuildPhase;
			buildActionMask = 2147483647;
			files = (
				6E2CB900CB0503EB7AE1EAC3 /* Pods_BraidExampleTests.framework in Frameworks */,
			);
			runOnlyForDeploymentPostprocessing = 0;
		};
/* End PBXFrameworksBuildPhase section */

/* Begin PBXGroup section */
		27AE4BDD9FD2F8BA2490D817 /* Pods */ = {
			isa = PBXGroup;
			children = (
				1386F8CF294C675AF9810979 /* Pods-BraidExample.debug.xcconfig */,
				6905CEA7EB85FC4B10F150DF /* Pods-BraidExample.release.xcconfig */,
				5AADC7CBA1D7A7674CACFA20 /* Pods-BraidExampleTests.debug.xcconfig */,
				55D765C5FB109FA81BDD1D5A /* Pods-BraidExampleTests.release.xcconfig */,
			);
			name = Pods;
			sourceTree = "<group>";
		};
		938132CB20B6463000CBF8F6 = {
			isa = PBXGroup;
			children = (
				938132D620B6463000CBF8F6 /* BraidExample */,
				ABE0F36921BE20380098950D /* BraidExampleTests */,
				938132D520B6463000CBF8F6 /* Products */,
				27AE4BDD9FD2F8BA2490D817 /* Pods */,
				EBF40F86B284BBBC4E5ACCEB /* Frameworks */,
			);
			sourceTree = "<group>";
		};
		938132D520B6463000CBF8F6 /* Products */ = {
			isa = PBXGroup;
			children = (
				938132D420B6463000CBF8F6 /* BraidExample.app */,
				ABE0F36821BE20380098950D /* BraidExampleTests.xctest */,
			);
			name = Products;
			sourceTree = "<group>";
		};
		938132D620B6463000CBF8F6 /* BraidExample */ = {
			isa = PBXGroup;
			children = (
				AB577BDB2187CC2100CD2363 /* README.md */,
				938132D720B6463000CBF8F6 /* AppDelegate.swift */,
				93C36A4720DAFF97006B7ECF /* SamplesViewController.swift */,
				AB577B98217596AF00CD2363 /* Sample 1 - Accounts */,
				AB577BA02176444000CD2363 /* Sample 2 - Artists & Songs */,
				ABC1AD1C21E6BF3E00BAC644 /* Sample 3 - Form */,
				ABE0F35D21B49DC10098950D /* Sample 4 - News Feed */,
				AB577BA82179662400CD2363 /* Sample 5 - Dynamic Home Page */,
				ABE838FD2283EAC30008A5B7 /* Sample 6 - Editable Attendees */,
				AB7CA647229F50CB00371408 /* Sample 7 - Reference-Type View Models */,
				AB577B9D21759F8B00CD2363 /* Shared Views */,
				9381334F20B6EDFA00CBF8F6 /* Resources */,
				938132E320B6463200CBF8F6 /* Info.plist */,
			);
			path = BraidExample;
			sourceTree = "<group>";
		};
		9381334F20B6EDFA00CBF8F6 /* Resources */ = {
			isa = PBXGroup;
			children = (
				938132DE20B6463200CBF8F6 /* Assets.xcassets */,
				938132E020B6463200CBF8F6 /* LaunchScreen.storyboard */,
			);
			path = Resources;
			sourceTree = "<group>";
		};
		AB577B98217596AF00CD2363 /* Sample 1 - Accounts */ = {
			isa = PBXGroup;
			children = (
				AB577BCE2183D64700CD2363 /* README.md */,
				938132D920B6463000CBF8F6 /* AccountsViewController.swift */,
				AB577BDC2189769800CD2363 /* AccountDetailViewController.swift */,
				AB577B9B21759F6C00CD2363 /* AccountService.swift */,
			);
			path = "Sample 1 - Accounts";
			sourceTree = "<group>";
		};
		AB577B9D21759F8B00CD2363 /* Shared Views */ = {
			isa = PBXGroup;
			children = (
				AB7CA64A229F517200371408 /* Rx Cells */,
				AB577B9E2175A6EE00CD2363 /* CenterLabelTableViewCell.swift */,
				9381335020B6EE2A00CBF8F6 /* TitleDetailTableViewCell.swift */,
				93C36A4920DB02E0006B7ECF /* TitleDetailTableViewCell.xib */,
				AB577BD52184DC6F00CD2363 /* ImageTitleSubtitleTableViewCell.swift */,
				ABE0F35821AE3F7F0098950D /* ImageTitleSubtitleTableViewCell.xib */,
				ABC1AD1821E6BE2400BAC644 /* ToggleTableViewCell.swift */,
				ABC1AD1A21E6BE7D00BAC644 /* ToggleTableViewCell.xib */,
				ABC1AD2021E7269500BAC644 /* TextFieldTableViewCell.swift */,
				AB5D696C21E95DC200386B8D /* TextFieldTableViewCell.xib */,
				ABC1AD2221E811B100BAC644 /* TextViewTableViewCell.swift */,
				AB5D696E21E95DD200386B8D /* TextViewTableViewCell.xib */,
				AB5C715821EC6583006DC4B0 /* DatePickerTableViewCell.swift */,
				AB5C715A21EC66F4006DC4B0 /* DatePickerTableViewCell.xib */,
				AB86C3BE2141718C00FA4945 /* SectionHeaderView.swift */,
			);
			path = "Shared Views";
			sourceTree = "<group>";
		};
		AB577BA02176444000CD2363 /* Sample 2 - Artists & Songs */ = {
			isa = PBXGroup;
			children = (
				AB577BCF2183D6F800CD2363 /* README.md */,
				AB577BA1217655DD00CD2363 /* ArtistsViewController.swift */,
				AB577BAB2179838B00CD2363 /* MusicLibraryService.swift */,
			);
			path = "Sample 2 - Artists & Songs";
			sourceTree = "<group>";
		};
		AB577BA82179662400CD2363 /* Sample 5 - Dynamic Home Page */ = {
			isa = PBXGroup;
			children = (
				AB577BD02183D70B00CD2363 /* README.md */,
				AB577BA92179665400CD2363 /* HomeViewController.swift */,
				AB577BC42181105500CD2363 /* HomeService.swift */,
				AB577BD12183D7F200CD2363 /* Product.swift */,
				AB577BD32183D8C200CD2363 /* Store.swift */,
				ABE0F35721AD10340098950D /* Mocks */,
			);
			path = "Sample 5 - Dynamic Home Page";
			sourceTree = "<group>";
		};
		AB7CA647229F50CB00371408 /* Sample 7 - Reference-Type View Models */ = {
			isa = PBXGroup;
			children = (
				AB7CA66422A09AC700371408 /* SimpleFormViewController.swift */,
			);
			path = "Sample 7 - Reference-Type View Models";
			sourceTree = "<group>";
		};
		AB7CA64A229F517200371408 /* Rx Cells */ = {
			isa = PBXGroup;
			children = (
				AB7CA64E229F51D500371408 /* RxTitleDetailTableViewCell.swift */,
				AB7CA650229F545F00371408 /* RxTitleDetailTableViewCell.xib */,
			);
			path = "Rx Cells";
			sourceTree = "<group>";
		};
		ABC1AD1C21E6BF3E00BAC644 /* Sample 3 - Form */ = {
			isa = PBXGroup;
			children = (
				ABA89D5A21EEC07000033093 /* README.md */,
				ABC1AD1D21E6BF5200BAC644 /* FormViewController.swift */,
				ABB46A1421F2ACC6009A00A2 /* FormItem.swift */,
			);
			path = "Sample 3 - Form";
			sourceTree = "<group>";
		};
		ABE0F35721AD10340098950D /* Mocks */ = {
			isa = PBXGroup;
			children = (
				AB577BCC2183D5C100CD2363 /* mock-home-response.json */,
			);
			path = Mocks;
			sourceTree = "<group>";
		};
		ABE0F35D21B49DC10098950D /* Sample 4 - News Feed */ = {
			isa = PBXGroup;
			children = (
				ABB2841221F55E8C0041E84A /* README.md */,
				ABE0F35E21B49DD90098950D /* NewsFeedViewController.swift */,
				ABE0F36021B4AA830098950D /* NewsFeedService.swift */,
				ABE0F36221B4AB2D0098950D /* news-items.json */,
			);
			path = "Sample 4 - News Feed";
			sourceTree = "<group>";
		};
		ABE0F36921BE20380098950D /* BraidExampleTests */ = {
			isa = PBXGroup;
			children = (
				ABE0F37221BE20900098950D /* Table */,
				ABE0F36C21BE20380098950D /* Info.plist */,
			);
			path = BraidExampleTests;
			sourceTree = "<group>";
		};
		ABE0F37221BE20900098950D /* Table */ = {
			isa = PBXGroup;
			children = (
				ABE0F37321BE24E20098950D /* Test Classes */,
				ABE0F37B21BE30730098950D /* TableCellBindingMethodTests.swift */,
				AB18253021E5254E004FE239 /* TableDisplayBehaviorTests.swift */,
				AB1CCB9D21D8391A00EB1CDE /* TableHeaderFooterTests.swift */,
				ABE0F36A21BE20380098950D /* TableDimensionTests.swift */,
				AB922ADA229E03BF000207A3 /* TableCellEditingMovingTests.swift */,
			);
			path = Table;
			sourceTree = "<group>";
		};
		ABE0F37321BE24E20098950D /* Test Classes */ = {
			isa = PBXGroup;
			children = (
				AB05A86B2223B31B00C9C3E3 /* Models.swift */,
				ABE0F37421BE24F30098950D /* Cells.swift */,
				ABE0F37921BE282A0098950D /* TableTestCase.swift */,
				AB05A86D2224FEA800C9C3E3 /* MockUpdateDelegate.swift */,
			);
			path = "Test Classes";
			sourceTree = "<group>";
		};
		ABE838FD2283EAC30008A5B7 /* Sample 6 - Editable Attendees */ = {
			isa = PBXGroup;
			children = (
				ABE838FE2283EAC30008A5B7 /* AttendeesViewController.swift */,
			);
			path = "Sample 6 - Editable Attendees";
			sourceTree = "<group>";
		};
		EBF40F86B284BBBC4E5ACCEB /* Frameworks */ = {
			isa = PBXGroup;
			children = (
				B5FEBC5088F0D7E30632BBD0 /* Pods_BraidExample.framework */,
				FE17F9A4879165AF43849970 /* Pods_BraidExampleTests.framework */,
			);
			name = Frameworks;
			sourceTree = "<group>";
		};
/* End PBXGroup section */

/* Begin PBXNativeTarget section */
		938132D320B6463000CBF8F6 /* BraidExample */ = {
			isa = PBXNativeTarget;
			buildConfigurationList = 938132E620B6463200CBF8F6 /* Build configuration list for PBXNativeTarget "BraidExample" */;
			buildPhases = (
				29CF50FF5DBA1AA16C9761DF /* [CP] Check Pods Manifest.lock */,
				938132D020B6463000CBF8F6 /* Sources */,
				938132D120B6463000CBF8F6 /* Frameworks */,
				938132D220B6463000CBF8F6 /* Resources */,
				9381330C20B6486400CBF8F6 /* Embed Frameworks */,
				01E321FF9D1B381B3D30A111 /* [CP] Embed Pods Frameworks */,
			);
			buildRules = (
			);
			dependencies = (
			);
			name = BraidExample;
			productName = BraidExample;
			productReference = 938132D420B6463000CBF8F6 /* BraidExample.app */;
			productType = "com.apple.product-type.application";
		};
		ABE0F36721BE20380098950D /* BraidExampleTests */ = {
			isa = PBXNativeTarget;
			buildConfigurationList = ABE0F36F21BE20380098950D /* Build configuration list for PBXNativeTarget "BraidExampleTests" */;
			buildPhases = (
				4A88A49C742F30C459B1CBC0 /* [CP] Check Pods Manifest.lock */,
				ABE0F36421BE20380098950D /* Sources */,
				ABE0F36521BE20380098950D /* Frameworks */,
				ABE0F36621BE20380098950D /* Resources */,
				6CE8461F7BC77C06C9E8D09A /* [CP] Embed Pods Frameworks */,
			);
			buildRules = (
			);
			dependencies = (
				ABE0F36E21BE20380098950D /* PBXTargetDependency */,
			);
			name = BraidExampleTests;
			productName = BraidExampleTests;
			productReference = ABE0F36821BE20380098950D /* BraidExampleTests.xctest */;
			productType = "com.apple.product-type.bundle.unit-test";
		};
/* End PBXNativeTarget section */

/* Begin PBXProject section */
		938132CC20B6463000CBF8F6 /* Project object */ = {
			isa = PBXProject;
			attributes = {
				LastSwiftUpdateCheck = 1000;
				LastUpgradeCheck = 0930;
				ORGANIZATIONNAME = AaronBosnjak;
				TargetAttributes = {
					938132D320B6463000CBF8F6 = {
						CreatedOnToolsVersion = 9.3.1;
						LastSwiftMigration = 1020;
					};
					ABE0F36721BE20380098950D = {
						CreatedOnToolsVersion = 10.0;
						LastSwiftMigration = 1020;
						TestTargetID = 938132D320B6463000CBF8F6;
					};
				};
			};
			buildConfigurationList = 938132CF20B6463000CBF8F6 /* Build configuration list for PBXProject "BraidExample" */;
			compatibilityVersion = "Xcode 9.3";
			developmentRegion = en;
			hasScannedForEncodings = 0;
			knownRegions = (
				en,
				Base,
			);
			mainGroup = 938132CB20B6463000CBF8F6;
			productRefGroup = 938132D520B6463000CBF8F6 /* Products */;
			projectDirPath = "";
			projectRoot = "";
			targets = (
				938132D320B6463000CBF8F6 /* BraidExample */,
				ABE0F36721BE20380098950D /* BraidExampleTests */,
			);
		};
/* End PBXProject section */

/* Begin PBXResourcesBuildPhase section */
		938132D220B6463000CBF8F6 /* Resources */ = {
			isa = PBXResourcesBuildPhase;
			buildActionMask = 2147483647;
			files = (
				93C36A4A20DB02E0006B7ECF /* TitleDetailTableViewCell.xib in Resources */,
				AB7CA651229F545F00371408 /* RxTitleDetailTableViewCell.xib in Resources */,
				ABC1AD1B21E6BE7E00BAC644 /* ToggleTableViewCell.xib in Resources */,
				ABE0F36321B4AB2D0098950D /* news-items.json in Resources */,
				ABE0F35921AE3F7F0098950D /* ImageTitleSubtitleTableViewCell.xib in Resources */,
				AB5D696F21E95DD200386B8D /* TextViewTableViewCell.xib in Resources */,
				AB5C715B21EC66F4006DC4B0 /* DatePickerTableViewCell.xib in Resources */,
				938132E220B6463200CBF8F6 /* LaunchScreen.storyboard in Resources */,
				938132DF20B6463200CBF8F6 /* Assets.xcassets in Resources */,
				AB577BCD2183D5C100CD2363 /* mock-home-response.json in Resources */,
				ABA89D5B21EEC07000033093 /* README.md in Resources */,
				AB5D696D21E95DC200386B8D /* TextFieldTableViewCell.xib in Resources */,
			);
			runOnlyForDeploymentPostprocessing = 0;
		};
		ABE0F36621BE20380098950D /* Resources */ = {
			isa = PBXResourcesBuildPhase;
			buildActionMask = 2147483647;
			files = (
			);
			runOnlyForDeploymentPostprocessing = 0;
		};
/* End PBXResourcesBuildPhase section */

/* Begin PBXShellScriptBuildPhase section */
		01E321FF9D1B381B3D30A111 /* [CP] Embed Pods Frameworks */ = {
			isa = PBXShellScriptBuildPhase;
			buildActionMask = 2147483647;
			files = (
			);
			inputFileListPaths = (
				"${PODS_ROOT}/Target Support Files/Pods-BraidExample/Pods-BraidExample-frameworks-${CONFIGURATION}-input-files.xcfilelist",
			);
			name = "[CP] Embed Pods Frameworks";
			outputFileListPaths = (
				"${PODS_ROOT}/Target Support Files/Pods-BraidExample/Pods-BraidExample-frameworks-${CONFIGURATION}-output-files.xcfilelist",
			);
			runOnlyForDeploymentPostprocessing = 0;
			shellPath = /bin/sh;
			shellScript = "\"${PODS_ROOT}/Target Support Files/Pods-BraidExample/Pods-BraidExample-frameworks.sh\"\n";
			showEnvVarsInLog = 0;
		};
		29CF50FF5DBA1AA16C9761DF /* [CP] Check Pods Manifest.lock */ = {
			isa = PBXShellScriptBuildPhase;
			buildActionMask = 2147483647;
			files = (
			);
			inputPaths = (
				"${PODS_PODFILE_DIR_PATH}/Podfile.lock",
				"${PODS_ROOT}/Manifest.lock",
			);
			name = "[CP] Check Pods Manifest.lock";
			outputPaths = (
				"$(DERIVED_FILE_DIR)/Pods-BraidExample-checkManifestLockResult.txt",
			);
			runOnlyForDeploymentPostprocessing = 0;
			shellPath = /bin/sh;
			shellScript = "diff \"${PODS_PODFILE_DIR_PATH}/Podfile.lock\" \"${PODS_ROOT}/Manifest.lock\" > /dev/null\nif [ $? != 0 ] ; then\n    # print error to STDERR\n    echo \"error: The sandbox is not in sync with the Podfile.lock. Run 'pod install' or update your CocoaPods installation.\" >&2\n    exit 1\nfi\n# This output is used by Xcode 'outputs' to avoid re-running this script phase.\necho \"SUCCESS\" > \"${SCRIPT_OUTPUT_FILE_0}\"\n";
			showEnvVarsInLog = 0;
		};
		4A88A49C742F30C459B1CBC0 /* [CP] Check Pods Manifest.lock */ = {
			isa = PBXShellScriptBuildPhase;
			buildActionMask = 2147483647;
			files = (
			);
			inputFileListPaths = (
			);
			inputPaths = (
				"${PODS_PODFILE_DIR_PATH}/Podfile.lock",
				"${PODS_ROOT}/Manifest.lock",
			);
			name = "[CP] Check Pods Manifest.lock";
			outputFileListPaths = (
			);
			outputPaths = (
				"$(DERIVED_FILE_DIR)/Pods-BraidExampleTests-checkManifestLockResult.txt",
			);
			runOnlyForDeploymentPostprocessing = 0;
			shellPath = /bin/sh;
			shellScript = "diff \"${PODS_PODFILE_DIR_PATH}/Podfile.lock\" \"${PODS_ROOT}/Manifest.lock\" > /dev/null\nif [ $? != 0 ] ; then\n    # print error to STDERR\n    echo \"error: The sandbox is not in sync with the Podfile.lock. Run 'pod install' or update your CocoaPods installation.\" >&2\n    exit 1\nfi\n# This output is used by Xcode 'outputs' to avoid re-running this script phase.\necho \"SUCCESS\" > \"${SCRIPT_OUTPUT_FILE_0}\"\n";
			showEnvVarsInLog = 0;
		};
		6CE8461F7BC77C06C9E8D09A /* [CP] Embed Pods Frameworks */ = {
			isa = PBXShellScriptBuildPhase;
			buildActionMask = 2147483647;
			files = (
			);
			inputFileListPaths = (
				"${PODS_ROOT}/Target Support Files/Pods-BraidExampleTests/Pods-BraidExampleTests-frameworks-${CONFIGURATION}-input-files.xcfilelist",
			);
			name = "[CP] Embed Pods Frameworks";
			outputFileListPaths = (
				"${PODS_ROOT}/Target Support Files/Pods-BraidExampleTests/Pods-BraidExampleTests-frameworks-${CONFIGURATION}-output-files.xcfilelist",
			);
			runOnlyForDeploymentPostprocessing = 0;
			shellPath = /bin/sh;
			shellScript = "\"${PODS_ROOT}/Target Support Files/Pods-BraidExampleTests/Pods-BraidExampleTests-frameworks.sh\"\n";
			showEnvVarsInLog = 0;
		};
/* End PBXShellScriptBuildPhase section */

/* Begin PBXSourcesBuildPhase section */
		938132D020B6463000CBF8F6 /* Sources */ = {
			isa = PBXSourcesBuildPhase;
			buildActionMask = 2147483647;
			files = (
				AB577BA2217655DD00CD2363 /* ArtistsViewController.swift in Sources */,
				ABC1AD1921E6BE2400BAC644 /* ToggleTableViewCell.swift in Sources */,
				AB577BAC2179838B00CD2363 /* MusicLibraryService.swift in Sources */,
				ABC1AD1E21E6BF5200BAC644 /* FormViewController.swift in Sources */,
				ABB46A1521F2ACC6009A00A2 /* FormItem.swift in Sources */,
				938132DA20B6463000CBF8F6 /* AccountsViewController.swift in Sources */,
				ABC1AD2321E811B100BAC644 /* TextViewTableViewCell.swift in Sources */,
				AB5C715921EC6583006DC4B0 /* DatePickerTableViewCell.swift in Sources */,
				938132D820B6463000CBF8F6 /* AppDelegate.swift in Sources */,
				AB577BD62184DC6F00CD2363 /* ImageTitleSubtitleTableViewCell.swift in Sources */,
				AB86C3BF2141718C00FA4945 /* SectionHeaderView.swift in Sources */,
				AB577BDD2189769800CD2363 /* AccountDetailViewController.swift in Sources */,
				ABE838FF2283EAC40008A5B7 /* AttendeesViewController.swift in Sources */,
				9381335120B6EE2A00CBF8F6 /* TitleDetailTableViewCell.swift in Sources */,
				ABE0F35F21B49DD90098950D /* NewsFeedViewController.swift in Sources */,
				AB577BAA2179665400CD2363 /* HomeViewController.swift in Sources */,
				AB577BD42183D8C200CD2363 /* Store.swift in Sources */,
				AB577B9C21759F6C00CD2363 /* AccountService.swift in Sources */,
				AB7CA64F229F51D500371408 /* RxTitleDetailTableViewCell.swift in Sources */,
				AB577BC52181105500CD2363 /* HomeService.swift in Sources */,
				AB577B9F2175A6EE00CD2363 /* CenterLabelTableViewCell.swift in Sources */,
				93C36A4820DAFF97006B7ECF /* SamplesViewController.swift in Sources */,
				AB7CA66522A09AC700371408 /* SimpleFormViewController.swift in Sources */,
				ABE0F36121B4AA830098950D /* NewsFeedService.swift in Sources */,
				AB577BD22183D7F200CD2363 /* Product.swift in Sources */,
				ABC1AD2121E7269500BAC644 /* TextFieldTableViewCell.swift in Sources */,
			);
			runOnlyForDeploymentPostprocessing = 0;
		};
		ABE0F36421BE20380098950D /* Sources */ = {
			isa = PBXSourcesBuildPhase;
			buildActionMask = 2147483647;
			files = (
				AB1CCB9E21D8391A00EB1CDE /* TableHeaderFooterTests.swift in Sources */,
				ABE0F36B21BE20380098950D /* TableDimensionTests.swift in Sources */,
				AB922ADB229E03BF000207A3 /* TableCellEditingMovingTests.swift in Sources */,
				AB18253121E5254E004FE239 /* TableDisplayBehaviorTests.swift in Sources */,
				AB05A86E2224FEA800C9C3E3 /* MockUpdateDelegate.swift in Sources */,
				ABE0F37A21BE282A0098950D /* TableTestCase.swift in Sources */,
				ABE0F37521BE24F30098950D /* Cells.swift in Sources */,
				ABE0F37C21BE30730098950D /* TableCellBindingMethodTests.swift in Sources */,
				AB05A86C2223B31B00C9C3E3 /* Models.swift in Sources */,
			);
			runOnlyForDeploymentPostprocessing = 0;
		};
/* End PBXSourcesBuildPhase section */

/* Begin PBXTargetDependency section */
		ABE0F36E21BE20380098950D /* PBXTargetDependency */ = {
			isa = PBXTargetDependency;
			target = 938132D320B6463000CBF8F6 /* BraidExample */;
			targetProxy = ABE0F36D21BE20380098950D /* PBXContainerItemProxy */;
		};
/* End PBXTargetDependency section */

/* Begin PBXVariantGroup section */
		938132E020B6463200CBF8F6 /* LaunchScreen.storyboard */ = {
			isa = PBXVariantGroup;
			children = (
				938132E120B6463200CBF8F6 /* Base */,
			);
			name = LaunchScreen.storyboard;
			sourceTree = "<group>";
		};
/* End PBXVariantGroup section */

/* Begin XCBuildConfiguration section */
		938132E420B6463200CBF8F6 /* Debug */ = {
			isa = XCBuildConfiguration;
			buildSettings = {
				ALWAYS_SEARCH_USER_PATHS = NO;
				CLANG_ANALYZER_NONNULL = YES;
				CLANG_ANALYZER_NUMBER_OBJECT_CONVERSION = YES_AGGRESSIVE;
				CLANG_CXX_LANGUAGE_STANDARD = "gnu++14";
				CLANG_CXX_LIBRARY = "libc++";
				CLANG_ENABLE_MODULES = YES;
				CLANG_ENABLE_OBJC_ARC = YES;
				CLANG_ENABLE_OBJC_WEAK = YES;
				CLANG_WARN_BLOCK_CAPTURE_AUTORELEASING = YES;
				CLANG_WARN_BOOL_CONVERSION = YES;
				CLANG_WARN_COMMA = YES;
				CLANG_WARN_CONSTANT_CONVERSION = YES;
				CLANG_WARN_DEPRECATED_OBJC_IMPLEMENTATIONS = YES;
				CLANG_WARN_DIRECT_OBJC_ISA_USAGE = YES_ERROR;
				CLANG_WARN_DOCUMENTATION_COMMENTS = YES;
				CLANG_WARN_EMPTY_BODY = YES;
				CLANG_WARN_ENUM_CONVERSION = YES;
				CLANG_WARN_INFINITE_RECURSION = YES;
				CLANG_WARN_INT_CONVERSION = YES;
				CLANG_WARN_NON_LITERAL_NULL_CONVERSION = YES;
				CLANG_WARN_OBJC_IMPLICIT_RETAIN_SELF = YES;
				CLANG_WARN_OBJC_LITERAL_CONVERSION = YES;
				CLANG_WARN_OBJC_ROOT_CLASS = YES_ERROR;
				CLANG_WARN_RANGE_LOOP_ANALYSIS = YES;
				CLANG_WARN_STRICT_PROTOTYPES = YES;
				CLANG_WARN_SUSPICIOUS_MOVE = YES;
				CLANG_WARN_UNGUARDED_AVAILABILITY = YES_AGGRESSIVE;
				CLANG_WARN_UNREACHABLE_CODE = YES;
				CLANG_WARN__DUPLICATE_METHOD_MATCH = YES;
				CODE_SIGN_IDENTITY = "iPhone Developer";
				COPY_PHASE_STRIP = NO;
				DEBUG_INFORMATION_FORMAT = dwarf;
				ENABLE_STRICT_OBJC_MSGSEND = YES;
				ENABLE_TESTABILITY = YES;
				GCC_C_LANGUAGE_STANDARD = gnu11;
				GCC_DYNAMIC_NO_PIC = NO;
				GCC_NO_COMMON_BLOCKS = YES;
				GCC_OPTIMIZATION_LEVEL = 0;
				GCC_PREPROCESSOR_DEFINITIONS = (
					"DEBUG=1",
					"$(inherited)",
				);
				GCC_WARN_64_TO_32_BIT_CONVERSION = YES;
				GCC_WARN_ABOUT_RETURN_TYPE = YES_ERROR;
				GCC_WARN_UNDECLARED_SELECTOR = YES;
				GCC_WARN_UNINITIALIZED_AUTOS = YES_AGGRESSIVE;
				GCC_WARN_UNUSED_FUNCTION = YES;
				GCC_WARN_UNUSED_VARIABLE = YES;
				IPHONEOS_DEPLOYMENT_TARGET = 9.3;
				MTL_ENABLE_DEBUG_INFO = YES;
				ONLY_ACTIVE_ARCH = YES;
				SDKROOT = iphoneos;
				SWIFT_ACTIVE_COMPILATION_CONDITIONS = DEBUG;
				SWIFT_OPTIMIZATION_LEVEL = "-Onone";
			};
			name = Debug;
		};
		938132E520B6463200CBF8F6 /* Release */ = {
			isa = XCBuildConfiguration;
			buildSettings = {
				ALWAYS_SEARCH_USER_PATHS = NO;
				CLANG_ANALYZER_NONNULL = YES;
				CLANG_ANALYZER_NUMBER_OBJECT_CONVERSION = YES_AGGRESSIVE;
				CLANG_CXX_LANGUAGE_STANDARD = "gnu++14";
				CLANG_CXX_LIBRARY = "libc++";
				CLANG_ENABLE_MODULES = YES;
				CLANG_ENABLE_OBJC_ARC = YES;
				CLANG_ENABLE_OBJC_WEAK = YES;
				CLANG_WARN_BLOCK_CAPTURE_AUTORELEASING = YES;
				CLANG_WARN_BOOL_CONVERSION = YES;
				CLANG_WARN_COMMA = YES;
				CLANG_WARN_CONSTANT_CONVERSION = YES;
				CLANG_WARN_DEPRECATED_OBJC_IMPLEMENTATIONS = YES;
				CLANG_WARN_DIRECT_OBJC_ISA_USAGE = YES_ERROR;
				CLANG_WARN_DOCUMENTATION_COMMENTS = YES;
				CLANG_WARN_EMPTY_BODY = YES;
				CLANG_WARN_ENUM_CONVERSION = YES;
				CLANG_WARN_INFINITE_RECURSION = YES;
				CLANG_WARN_INT_CONVERSION = YES;
				CLANG_WARN_NON_LITERAL_NULL_CONVERSION = YES;
				CLANG_WARN_OBJC_IMPLICIT_RETAIN_SELF = YES;
				CLANG_WARN_OBJC_LITERAL_CONVERSION = YES;
				CLANG_WARN_OBJC_ROOT_CLASS = YES_ERROR;
				CLANG_WARN_RANGE_LOOP_ANALYSIS = YES;
				CLANG_WARN_STRICT_PROTOTYPES = YES;
				CLANG_WARN_SUSPICIOUS_MOVE = YES;
				CLANG_WARN_UNGUARDED_AVAILABILITY = YES_AGGRESSIVE;
				CLANG_WARN_UNREACHABLE_CODE = YES;
				CLANG_WARN__DUPLICATE_METHOD_MATCH = YES;
				CODE_SIGN_IDENTITY = "iPhone Developer";
				COPY_PHASE_STRIP = NO;
				DEBUG_INFORMATION_FORMAT = "dwarf-with-dsym";
				ENABLE_NS_ASSERTIONS = NO;
				ENABLE_STRICT_OBJC_MSGSEND = YES;
				GCC_C_LANGUAGE_STANDARD = gnu11;
				GCC_NO_COMMON_BLOCKS = YES;
				GCC_WARN_64_TO_32_BIT_CONVERSION = YES;
				GCC_WARN_ABOUT_RETURN_TYPE = YES_ERROR;
				GCC_WARN_UNDECLARED_SELECTOR = YES;
				GCC_WARN_UNINITIALIZED_AUTOS = YES_AGGRESSIVE;
				GCC_WARN_UNUSED_FUNCTION = YES;
				GCC_WARN_UNUSED_VARIABLE = YES;
				IPHONEOS_DEPLOYMENT_TARGET = 9.3;
				MTL_ENABLE_DEBUG_INFO = NO;
				SDKROOT = iphoneos;
				SWIFT_COMPILATION_MODE = wholemodule;
				SWIFT_OPTIMIZATION_LEVEL = "-O";
				VALIDATE_PRODUCT = YES;
			};
			name = Release;
		};
		938132E720B6463200CBF8F6 /* Debug */ = {
			isa = XCBuildConfiguration;
			baseConfigurationReference = 1386F8CF294C675AF9810979 /* Pods-BraidExample.debug.xcconfig */;
			buildSettings = {
				ASSETCATALOG_COMPILER_APPICON_NAME = AppIcon;
				CODE_SIGN_STYLE = Automatic;
				DEVELOPMENT_TEAM = HE8Y2NA5B5;
				INFOPLIST_FILE = BraidExample/Info.plist;
				LD_RUNPATH_SEARCH_PATHS = (
					"$(inherited)",
					"@executable_path/Frameworks",
				);
				PRODUCT_BUNDLE_IDENTIFIER = com.AaronBosnjak.BraidExample;
				PRODUCT_NAME = "$(TARGET_NAME)";
				SWIFT_VERSION = 5.0;
				TARGETED_DEVICE_FAMILY = "1,2";
			};
			name = Debug;
		};
		938132E820B6463200CBF8F6 /* Release */ = {
			isa = XCBuildConfiguration;
			baseConfigurationReference = 6905CEA7EB85FC4B10F150DF /* Pods-BraidExample.release.xcconfig */;
			buildSettings = {
				ASSETCATALOG_COMPILER_APPICON_NAME = AppIcon;
				CODE_SIGN_STYLE = Automatic;
				DEVELOPMENT_TEAM = HE8Y2NA5B5;
				GCC_OPTIMIZATION_LEVEL = 0;
				INFOPLIST_FILE = BraidExample/Info.plist;
				LD_RUNPATH_SEARCH_PATHS = (
					"$(inherited)",
					"@executable_path/Frameworks",
				);
				PRODUCT_BUNDLE_IDENTIFIER = com.AaronBosnjak.BraidExample;
				PRODUCT_NAME = "$(TARGET_NAME)";
				SWIFT_VERSION = 5.0;
				TARGETED_DEVICE_FAMILY = "1,2";
			};
			name = Release;
		};
		ABE0F37021BE20380098950D /* Debug */ = {
			isa = XCBuildConfiguration;
			baseConfigurationReference = 5AADC7CBA1D7A7674CACFA20 /* Pods-BraidExampleTests.debug.xcconfig */;
			buildSettings = {
				BUNDLE_LOADER = "$(TEST_HOST)";
				CODE_SIGN_STYLE = Automatic;
				DEVELOPMENT_TEAM = HE8Y2NA5B5;
				INFOPLIST_FILE = BraidExampleTests/Info.plist;
				IPHONEOS_DEPLOYMENT_TARGET = 12.0;
				LD_RUNPATH_SEARCH_PATHS = (
					"$(inherited)",
					"@executable_path/Frameworks",
					"@loader_path/Frameworks",
				);
				MTL_ENABLE_DEBUG_INFO = INCLUDE_SOURCE;
				MTL_FAST_MATH = YES;
				PRODUCT_BUNDLE_IDENTIFIER = com.aaronbosnjak.viewmodels.BraidExampleTests;
				PRODUCT_NAME = "$(TARGET_NAME)";
				SWIFT_VERSION = 5.0;
				TARGETED_DEVICE_FAMILY = "1,2";
				TEST_HOST = "$(BUILT_PRODUCTS_DIR)/BraidExample.app/BraidExample";
			};
			name = Debug;
		};
		ABE0F37121BE20380098950D /* Release */ = {
			isa = XCBuildConfiguration;
			baseConfigurationReference = 55D765C5FB109FA81BDD1D5A /* Pods-BraidExampleTests.release.xcconfig */;
			buildSettings = {
				BUNDLE_LOADER = "$(TEST_HOST)";
				CODE_SIGN_STYLE = Automatic;
				DEVELOPMENT_TEAM = HE8Y2NA5B5;
				INFOPLIST_FILE = BraidExampleTests/Info.plist;
				IPHONEOS_DEPLOYMENT_TARGET = 12.0;
				LD_RUNPATH_SEARCH_PATHS = (
					"$(inherited)",
					"@executable_path/Frameworks",
					"@loader_path/Frameworks",
				);
				MTL_FAST_MATH = YES;
				PRODUCT_BUNDLE_IDENTIFIER = com.aaronbosnjak.viewmodels.BraidExampleTests;
				PRODUCT_NAME = "$(TARGET_NAME)";
				SWIFT_VERSION = 5.0;
				TARGETED_DEVICE_FAMILY = "1,2";
				TEST_HOST = "$(BUILT_PRODUCTS_DIR)/BraidExample.app/BraidExample";
			};
			name = Release;
		};
/* End XCBuildConfiguration section */

/* Begin XCConfigurationList section */
		938132CF20B6463000CBF8F6 /* Build configuration list for PBXProject "BraidExample" */ = {
			isa = XCConfigurationList;
			buildConfigurations = (
				938132E420B6463200CBF8F6 /* Debug */,
				938132E520B6463200CBF8F6 /* Release */,
			);
			defaultConfigurationIsVisible = 0;
			defaultConfigurationName = Release;
		};
		938132E620B6463200CBF8F6 /* Build configuration list for PBXNativeTarget "BraidExample" */ = {
			isa = XCConfigurationList;
			buildConfigurations = (
				938132E720B6463200CBF8F6 /* Debug */,
				938132E820B6463200CBF8F6 /* Release */,
			);
			defaultConfigurationIsVisible = 0;
			defaultConfigurationName = Release;
		};
		ABE0F36F21BE20380098950D /* Build configuration list for PBXNativeTarget "BraidExampleTests" */ = {
			isa = XCConfigurationList;
			buildConfigurations = (
				ABE0F37021BE20380098950D /* Debug */,
				ABE0F37121BE20380098950D /* Release */,
			);
			defaultConfigurationIsVisible = 0;
			defaultConfigurationName = Release;
		};
/* End XCConfigurationList section */
	};
	rootObject = 938132CC20B6463000CBF8F6 /* Project object */;
}
